// !$*UTF8*$!
{
	archiveVersion = 1;
	classes = {
	};
	objectVersion = 56;
	objects = {

/* Begin PBXBuildFile section */
		C83BD5832A4B4BF200403D79 /* StringExtension.swift in Sources */ = {isa = PBXBuildFile; fileRef = C83BD5822A4B4BF200403D79 /* StringExtension.swift */; };
		C83BD5972A4B4C7600403D79 /* BaseRequest.swift in Sources */ = {isa = PBXBuildFile; fileRef = C83BD58F2A4B4C7600403D79 /* BaseRequest.swift */; };
		C83BD5982A4B4C7600403D79 /* BaseRemote.swift in Sources */ = {isa = PBXBuildFile; fileRef = C83BD5902A4B4C7600403D79 /* BaseRemote.swift */; };
		C83BD5992A4B4C7600403D79 /* BaseResponse.swift in Sources */ = {isa = PBXBuildFile; fileRef = C83BD5912A4B4C7600403D79 /* BaseResponse.swift */; };
		C83BD59A2A4B4C7600403D79 /* BaseRemoteImpl.swift in Sources */ = {isa = PBXBuildFile; fileRef = C83BD5922A4B4C7600403D79 /* BaseRemoteImpl.swift */; };
		C83BD59C2A4B4CB000403D79 /* ApiConstants.swift in Sources */ = {isa = PBXBuildFile; fileRef = C83BD59B2A4B4CB000403D79 /* ApiConstants.swift */; };
		C83BD59F2A4B4E3800403D79 /* CharacterRequest.swift in Sources */ = {isa = PBXBuildFile; fileRef = C83BD59E2A4B4E3800403D79 /* CharacterRequest.swift */; };
		C83BD5A12A4B4E5300403D79 /* CharacterResponse.swift in Sources */ = {isa = PBXBuildFile; fileRef = C83BD5A02A4B4E5300403D79 /* CharacterResponse.swift */; };
		C83BD5A72A4B505000403D79 /* CharacterRepositoryTests.swift in Sources */ = {isa = PBXBuildFile; fileRef = C83BD5A62A4B505000403D79 /* CharacterRepositoryTests.swift */; };
		C83BD5AA2A4B510600403D79 /* CharacterRepository.swift in Sources */ = {isa = PBXBuildFile; fileRef = C83BD5A92A4B510600403D79 /* CharacterRepository.swift */; };
		C83BD5AC2A4B513D00403D79 /* CharacterRepositoryImpl.swift in Sources */ = {isa = PBXBuildFile; fileRef = C83BD5AB2A4B513D00403D79 /* CharacterRepositoryImpl.swift */; };
		C83BD5AE2A4B530800403D79 /* CharacterTestMock.swift in Sources */ = {isa = PBXBuildFile; fileRef = C83BD5AD2A4B530800403D79 /* CharacterTestMock.swift */; };
		C893410C2A4B4AF500F11160 /* AppDelegate.swift in Sources */ = {isa = PBXBuildFile; fileRef = C893410B2A4B4AF500F11160 /* AppDelegate.swift */; };
		C893410E2A4B4AF500F11160 /* SceneDelegate.swift in Sources */ = {isa = PBXBuildFile; fileRef = C893410D2A4B4AF500F11160 /* SceneDelegate.swift */; };
		C89341102A4B4AF500F11160 /* ViewController.swift in Sources */ = {isa = PBXBuildFile; fileRef = C893410F2A4B4AF500F11160 /* ViewController.swift */; };
		C89341132A4B4AF500F11160 /* Main.storyboard in Resources */ = {isa = PBXBuildFile; fileRef = C89341112A4B4AF500F11160 /* Main.storyboard */; };
		C89341162A4B4AF500F11160 /* cv.xcdatamodeld in Sources */ = {isa = PBXBuildFile; fileRef = C89341142A4B4AF500F11160 /* cv.xcdatamodeld */; };
		C89341182A4B4AF600F11160 /* Assets.xcassets in Resources */ = {isa = PBXBuildFile; fileRef = C89341172A4B4AF600F11160 /* Assets.xcassets */; };
		C893411B2A4B4AF600F11160 /* LaunchScreen.storyboard in Resources */ = {isa = PBXBuildFile; fileRef = C89341192A4B4AF600F11160 /* LaunchScreen.storyboard */; };
		C89341302A4B4AF600F11160 /* UITests.swift in Sources */ = {isa = PBXBuildFile; fileRef = C893412F2A4B4AF600F11160 /* UITests.swift */; };
		C89341322A4B4AF600F11160 /* UITestsLaunchTests.swift in Sources */ = {isa = PBXBuildFile; fileRef = C89341312A4B4AF600F11160 /* UITestsLaunchTests.swift */; };
		C8B093F12A4CC17800503E3D /* CharacterListConfigurator.swift in Sources */ = {isa = PBXBuildFile; fileRef = C8B093F02A4CC17800503E3D /* CharacterListConfigurator.swift */; };
		C8B093F32A4CC1F500503E3D /* CharacterListView.swift in Sources */ = {isa = PBXBuildFile; fileRef = C8B093F22A4CC1F500503E3D /* CharacterListView.swift */; };
		C8B093F52A4CC22900503E3D /* CharacterListInteractorImpl.swift in Sources */ = {isa = PBXBuildFile; fileRef = C8B093F42A4CC22900503E3D /* CharacterListInteractorImpl.swift */; };
		C8B093F72A4CC28C00503E3D /* CharacterListProtocol.swift in Sources */ = {isa = PBXBuildFile; fileRef = C8B093F62A4CC28C00503E3D /* CharacterListProtocol.swift */; };
		C8B093F92A4CC2B700503E3D /* CharacterListPresenterImpl.swift in Sources */ = {isa = PBXBuildFile; fileRef = C8B093F82A4CC2B700503E3D /* CharacterListPresenterImpl.swift */; };
/* End PBXBuildFile section */

/* Begin PBXContainerItemProxy section */
		C89341222A4B4AF600F11160 /* PBXContainerItemProxy */ = {
			isa = PBXContainerItemProxy;
			containerPortal = C89341002A4B4AF500F11160 /* Project object */;
			proxyType = 1;
			remoteGlobalIDString = C89341072A4B4AF500F11160;
			remoteInfo = cv;
		};
		C893412C2A4B4AF600F11160 /* PBXContainerItemProxy */ = {
			isa = PBXContainerItemProxy;
			containerPortal = C89341002A4B4AF500F11160 /* Project object */;
			proxyType = 1;
			remoteGlobalIDString = C89341072A4B4AF500F11160;
			remoteInfo = cv;
		};
/* End PBXContainerItemProxy section */

/* Begin PBXFileReference section */
		C83BD5822A4B4BF200403D79 /* StringExtension.swift */ = {isa = PBXFileReference; lastKnownFileType = sourcecode.swift; path = StringExtension.swift; sourceTree = "<group>"; };
		C83BD58F2A4B4C7600403D79 /* BaseRequest.swift */ = {isa = PBXFileReference; fileEncoding = 4; lastKnownFileType = sourcecode.swift; path = BaseRequest.swift; sourceTree = "<group>"; };
		C83BD5902A4B4C7600403D79 /* BaseRemote.swift */ = {isa = PBXFileReference; fileEncoding = 4; lastKnownFileType = sourcecode.swift; path = BaseRemote.swift; sourceTree = "<group>"; };
		C83BD5912A4B4C7600403D79 /* BaseResponse.swift */ = {isa = PBXFileReference; fileEncoding = 4; lastKnownFileType = sourcecode.swift; path = BaseResponse.swift; sourceTree = "<group>"; };
		C83BD5922A4B4C7600403D79 /* BaseRemoteImpl.swift */ = {isa = PBXFileReference; fileEncoding = 4; lastKnownFileType = sourcecode.swift; path = BaseRemoteImpl.swift; sourceTree = "<group>"; };
		C83BD59B2A4B4CB000403D79 /* ApiConstants.swift */ = {isa = PBXFileReference; lastKnownFileType = sourcecode.swift; path = ApiConstants.swift; sourceTree = "<group>"; };
		C83BD59E2A4B4E3800403D79 /* CharacterRequest.swift */ = {isa = PBXFileReference; lastKnownFileType = sourcecode.swift; path = CharacterRequest.swift; sourceTree = "<group>"; };
		C83BD5A02A4B4E5300403D79 /* CharacterResponse.swift */ = {isa = PBXFileReference; lastKnownFileType = sourcecode.swift; path = CharacterResponse.swift; sourceTree = "<group>"; };
		C83BD5A62A4B505000403D79 /* CharacterRepositoryTests.swift */ = {isa = PBXFileReference; lastKnownFileType = sourcecode.swift; path = CharacterRepositoryTests.swift; sourceTree = "<group>"; };
		C83BD5A92A4B510600403D79 /* CharacterRepository.swift */ = {isa = PBXFileReference; lastKnownFileType = sourcecode.swift; path = CharacterRepository.swift; sourceTree = "<group>"; };
		C83BD5AB2A4B513D00403D79 /* CharacterRepositoryImpl.swift */ = {isa = PBXFileReference; lastKnownFileType = sourcecode.swift; path = CharacterRepositoryImpl.swift; sourceTree = "<group>"; };
		C83BD5AD2A4B530800403D79 /* CharacterTestMock.swift */ = {isa = PBXFileReference; lastKnownFileType = sourcecode.swift; path = CharacterTestMock.swift; sourceTree = "<group>"; };
		C89341082A4B4AF500F11160 /* cv.app */ = {isa = PBXFileReference; explicitFileType = wrapper.application; includeInIndex = 0; path = cv.app; sourceTree = BUILT_PRODUCTS_DIR; };
		C893410B2A4B4AF500F11160 /* AppDelegate.swift */ = {isa = PBXFileReference; lastKnownFileType = sourcecode.swift; path = AppDelegate.swift; sourceTree = "<group>"; };
		C893410D2A4B4AF500F11160 /* SceneDelegate.swift */ = {isa = PBXFileReference; lastKnownFileType = sourcecode.swift; path = SceneDelegate.swift; sourceTree = "<group>"; };
		C893410F2A4B4AF500F11160 /* ViewController.swift */ = {isa = PBXFileReference; lastKnownFileType = sourcecode.swift; path = ViewController.swift; sourceTree = "<group>"; };
		C89341122A4B4AF500F11160 /* Base */ = {isa = PBXFileReference; lastKnownFileType = file.storyboard; name = Base; path = Base.lproj/Main.storyboard; sourceTree = "<group>"; };
		C89341152A4B4AF500F11160 /* cv.xcdatamodel */ = {isa = PBXFileReference; lastKnownFileType = wrapper.xcdatamodel; path = cv.xcdatamodel; sourceTree = "<group>"; };
		C89341172A4B4AF600F11160 /* Assets.xcassets */ = {isa = PBXFileReference; lastKnownFileType = folder.assetcatalog; path = Assets.xcassets; sourceTree = "<group>"; };
		C893411A2A4B4AF600F11160 /* Base */ = {isa = PBXFileReference; lastKnownFileType = file.storyboard; name = Base; path = Base.lproj/LaunchScreen.storyboard; sourceTree = "<group>"; };
		C893411C2A4B4AF600F11160 /* Info.plist */ = {isa = PBXFileReference; lastKnownFileType = text.plist.xml; path = Info.plist; sourceTree = "<group>"; };
		C89341212A4B4AF600F11160 /* cvTests.xctest */ = {isa = PBXFileReference; explicitFileType = wrapper.cfbundle; includeInIndex = 0; path = cvTests.xctest; sourceTree = BUILT_PRODUCTS_DIR; };
		C893412B2A4B4AF600F11160 /* cvUITests.xctest */ = {isa = PBXFileReference; explicitFileType = wrapper.cfbundle; includeInIndex = 0; path = cvUITests.xctest; sourceTree = BUILT_PRODUCTS_DIR; };
		C893412F2A4B4AF600F11160 /* UITests.swift */ = {isa = PBXFileReference; lastKnownFileType = sourcecode.swift; path = UITests.swift; sourceTree = "<group>"; };
		C89341312A4B4AF600F11160 /* UITestsLaunchTests.swift */ = {isa = PBXFileReference; lastKnownFileType = sourcecode.swift; path = UITestsLaunchTests.swift; sourceTree = "<group>"; };
		C8B093F02A4CC17800503E3D /* CharacterListConfigurator.swift */ = {isa = PBXFileReference; lastKnownFileType = sourcecode.swift; path = CharacterListConfigurator.swift; sourceTree = "<group>"; };
		C8B093F22A4CC1F500503E3D /* CharacterListView.swift */ = {isa = PBXFileReference; lastKnownFileType = sourcecode.swift; path = CharacterListView.swift; sourceTree = "<group>"; };
		C8B093F42A4CC22900503E3D /* CharacterListInteractorImpl.swift */ = {isa = PBXFileReference; lastKnownFileType = sourcecode.swift; path = CharacterListInteractorImpl.swift; sourceTree = "<group>"; };
		C8B093F62A4CC28C00503E3D /* CharacterListProtocol.swift */ = {isa = PBXFileReference; lastKnownFileType = sourcecode.swift; path = CharacterListProtocol.swift; sourceTree = "<group>"; };
		C8B093F82A4CC2B700503E3D /* CharacterListPresenterImpl.swift */ = {isa = PBXFileReference; lastKnownFileType = sourcecode.swift; path = CharacterListPresenterImpl.swift; sourceTree = "<group>"; };
/* End PBXFileReference section */

/* Begin PBXFrameworksBuildPhase section */
		C89341052A4B4AF500F11160 /* Frameworks */ = {
			isa = PBXFrameworksBuildPhase;
			buildActionMask = 2147483647;
			files = (
			);
			runOnlyForDeploymentPostprocessing = 0;
		};
		C893411E2A4B4AF600F11160 /* Frameworks */ = {
			isa = PBXFrameworksBuildPhase;
			buildActionMask = 2147483647;
			files = (
			);
			runOnlyForDeploymentPostprocessing = 0;
		};
		C89341282A4B4AF600F11160 /* Frameworks */ = {
			isa = PBXFrameworksBuildPhase;
			buildActionMask = 2147483647;
			files = (
			);
			runOnlyForDeploymentPostprocessing = 0;
		};
/* End PBXFrameworksBuildPhase section */

/* Begin PBXGroup section */
		C83BD5842A4B4C7600403D79 /* Domain */ = {
			isa = PBXGroup;
			children = (
				C8B093DB2A4CBE2500503E3D /* Base */,
				C8B093DC2A4CBE2C00503E3D /* Character */,
			);
			path = Domain;
			sourceTree = "<group>";
		};
		C83BD5892A4B4C7600403D79 /* Models */ = {
			isa = PBXGroup;
			children = (
				C8B093DF2A4CBE9100503E3D /* Repository */,
				C8B093DE2A4CBE6200503E3D /* Remote */,
			);
			path = Models;
			sourceTree = "<group>";
		};
		C83BD5A32A4B4F8D00403D79 /* Character */ = {
			isa = PBXGroup;
			children = (
				C8B093E32A4CBFC900503E3D /* Models */,
			);
			path = Character;
			sourceTree = "<group>";
		};
		C83BD5A42A4B4F9C00403D79 /* Repository */ = {
			isa = PBXGroup;
			children = (
				C83BD5A62A4B505000403D79 /* CharacterRepositoryTests.swift */,
				C83BD5AD2A4B530800403D79 /* CharacterTestMock.swift */,
			);
			path = Repository;
			sourceTree = "<group>";
		};
		C83BD5B02A4B572F00403D79 /* Extensions */ = {
			isa = PBXGroup;
			children = (
				C83BD5822A4B4BF200403D79 /* StringExtension.swift */,
			);
			path = Extensions;
			sourceTree = "<group>";
		};
		C89340FF2A4B4AF500F11160 = {
			isa = PBXGroup;
			children = (
				C893410A2A4B4AF500F11160 /* cv */,
				C89341242A4B4AF600F11160 /* cvTests */,
				C893412E2A4B4AF600F11160 /* cvUITests */,
				C89341092A4B4AF500F11160 /* Products */,
			);
			sourceTree = "<group>";
		};
		C89341092A4B4AF500F11160 /* Products */ = {
			isa = PBXGroup;
			children = (
				C89341082A4B4AF500F11160 /* cv.app */,
				C89341212A4B4AF600F11160 /* cvTests.xctest */,
				C893412B2A4B4AF600F11160 /* cvUITests.xctest */,
			);
			name = Products;
			sourceTree = "<group>";
		};
		C893410A2A4B4AF500F11160 /* cv */ = {
			isa = PBXGroup;
			children = (
				C83BD5842A4B4C7600403D79 /* Domain */,
				C893410B2A4B4AF500F11160 /* AppDelegate.swift */,
				C893410D2A4B4AF500F11160 /* SceneDelegate.swift */,
				C893410F2A4B4AF500F11160 /* ViewController.swift */,
				C89341112A4B4AF500F11160 /* Main.storyboard */,
				C89341172A4B4AF600F11160 /* Assets.xcassets */,
				C89341192A4B4AF600F11160 /* LaunchScreen.storyboard */,
				C893411C2A4B4AF600F11160 /* Info.plist */,
				C89341142A4B4AF500F11160 /* cv.xcdatamodeld */,
			);
			path = cv;
			sourceTree = "<group>";
		};
		C89341242A4B4AF600F11160 /* cvTests */ = {
			isa = PBXGroup;
			children = (
				C83BD5A32A4B4F8D00403D79 /* Character */,
			);
			path = cvTests;
			sourceTree = "<group>";
		};
		C893412E2A4B4AF600F11160 /* cvUITests */ = {
			isa = PBXGroup;
			children = (
				C893412F2A4B4AF600F11160 /* UITests.swift */,
				C89341312A4B4AF600F11160 /* UITestsLaunchTests.swift */,
			);
			path = cvUITests;
			sourceTree = "<group>";
		};
		C8B093DB2A4CBE2500503E3D /* Base */ = {
			isa = PBXGroup;
			children = (
				C8B093E02A4CBEDE00503E3D /* Remote */,
				C8B093E12A4CBF1400503E3D /* UI */,
			);
			path = Base;
			sourceTree = "<group>";
		};
		C8B093DC2A4CBE2C00503E3D /* Character */ = {
			isa = PBXGroup;
			children = (
				C83BD5892A4B4C7600403D79 /* Models */,
				C8B093E22A4CBF3300503E3D /* Modules */,
			);
			path = Character;
			sourceTree = "<group>";
		};
		C8B093DE2A4CBE6200503E3D /* Remote */ = {
			isa = PBXGroup;
			children = (
				C83BD59E2A4B4E3800403D79 /* CharacterRequest.swift */,
				C83BD5A02A4B4E5300403D79 /* CharacterResponse.swift */,
			);
			path = Remote;
			sourceTree = "<group>";
		};
		C8B093DF2A4CBE9100503E3D /* Repository */ = {
			isa = PBXGroup;
			children = (
				C83BD5A92A4B510600403D79 /* CharacterRepository.swift */,
				C83BD5AB2A4B513D00403D79 /* CharacterRepositoryImpl.swift */,
			);
			path = Repository;
			sourceTree = "<group>";
		};
		C8B093E02A4CBEDE00503E3D /* Remote */ = {
			isa = PBXGroup;
			children = (
				C83BD59B2A4B4CB000403D79 /* ApiConstants.swift */,
				C83BD58F2A4B4C7600403D79 /* BaseRequest.swift */,
				C83BD5902A4B4C7600403D79 /* BaseRemote.swift */,
				C83BD5912A4B4C7600403D79 /* BaseResponse.swift */,
				C83BD5922A4B4C7600403D79 /* BaseRemoteImpl.swift */,
			);
			path = Remote;
			sourceTree = "<group>";
		};
		C8B093E12A4CBF1400503E3D /* UI */ = {
			isa = PBXGroup;
			children = (
				C83BD5B02A4B572F00403D79 /* Extensions */,
			);
			path = UI;
			sourceTree = "<group>";
		};
		C8B093E22A4CBF3300503E3D /* Modules */ = {
			isa = PBXGroup;
			children = (
				C8B093E42A4CC02900503E3D /* CharacterList */,
				C8B093E52A4CC03400503E3D /* CharacterDetail */,
			);
			path = Modules;
			sourceTree = "<group>";
		};
		C8B093E32A4CBFC900503E3D /* Models */ = {
			isa = PBXGroup;
			children = (
				C83BD5A42A4B4F9C00403D79 /* Repository */,
			);
			path = Models;
			sourceTree = "<group>";
		};
		C8B093E42A4CC02900503E3D /* CharacterList */ = {
			isa = PBXGroup;
			children = (
				C8B093E82A4CC05F00503E3D /* Configuration */,
				C8B093E92A4CC06F00503E3D /* Presenter */,
				C8B093E72A4CC05800503E3D /* Protocol */,
				C8B093E62A4CC04B00503E3D /* Interactor */,
				C8B093EE2A4CC0A500503E3D /* View */,
			);
			path = CharacterList;
			sourceTree = "<group>";
		};
		C8B093E52A4CC03400503E3D /* CharacterDetail */ = {
			isa = PBXGroup;
			children = (
				C8B093EA2A4CC09D00503E3D /* Configuration */,
				C8B093EB2A4CC09D00503E3D /* Interactor */,
				C8B093ED2A4CC09D00503E3D /* Presenter */,
				C8B093EC2A4CC09D00503E3D /* Protocol */,
				C8B093EF2A4CC0BE00503E3D /* View */,
			);
			path = CharacterDetail;
			sourceTree = "<group>";
		};
		C8B093E62A4CC04B00503E3D /* Interactor */ = {
			isa = PBXGroup;
			children = (
				C8B093F42A4CC22900503E3D /* CharacterListInteractorImpl.swift */,
			);
			path = Interactor;
			sourceTree = "<group>";
		};
		C8B093E72A4CC05800503E3D /* Protocol */ = {
			isa = PBXGroup;
			children = (
				C8B093F62A4CC28C00503E3D /* CharacterListProtocol.swift */,
			);
			path = Protocol;
			sourceTree = "<group>";
		};
		C8B093E82A4CC05F00503E3D /* Configuration */ = {
			isa = PBXGroup;
			children = (
				C8B093F02A4CC17800503E3D /* CharacterListConfigurator.swift */,
			);
			path = Configuration;
			sourceTree = "<group>";
		};
		C8B093E92A4CC06F00503E3D /* Presenter */ = {
			isa = PBXGroup;
			children = (
				C8B093F82A4CC2B700503E3D /* CharacterListPresenterImpl.swift */,
			);
			path = Presenter;
			sourceTree = "<group>";
		};
		C8B093EA2A4CC09D00503E3D /* Configuration */ = {
			isa = PBXGroup;
			children = (
			);
			path = Configuration;
			sourceTree = "<group>";
		};
		C8B093EB2A4CC09D00503E3D /* Interactor */ = {
			isa = PBXGroup;
			children = (
			);
			path = Interactor;
			sourceTree = "<group>";
		};
		C8B093EC2A4CC09D00503E3D /* Protocol */ = {
			isa = PBXGroup;
			children = (
			);
			path = Protocol;
			sourceTree = "<group>";
		};
		C8B093ED2A4CC09D00503E3D /* Presenter */ = {
			isa = PBXGroup;
			children = (
			);
			path = Presenter;
			sourceTree = "<group>";
		};
		C8B093EE2A4CC0A500503E3D /* View */ = {
			isa = PBXGroup;
			children = (
				C8B093F22A4CC1F500503E3D /* CharacterListView.swift */,
			);
			path = View;
			sourceTree = "<group>";
		};
		C8B093EF2A4CC0BE00503E3D /* View */ = {
			isa = PBXGroup;
			children = (
			);
			path = View;
			sourceTree = "<group>";
		};
/* End PBXGroup section */

/* Begin PBXNativeTarget section */
		C89341072A4B4AF500F11160 /* cv */ = {
			isa = PBXNativeTarget;
			buildConfigurationList = C89341352A4B4AF600F11160 /* Build configuration list for PBXNativeTarget "cv" */;
			buildPhases = (
				C89341042A4B4AF500F11160 /* Sources */,
				C89341052A4B4AF500F11160 /* Frameworks */,
				C89341062A4B4AF500F11160 /* Resources */,
			);
			buildRules = (
			);
			dependencies = (
			);
			name = cv;
			productName = cv;
			productReference = C89341082A4B4AF500F11160 /* cv.app */;
			productType = "com.apple.product-type.application";
		};
		C89341202A4B4AF600F11160 /* cvTests */ = {
			isa = PBXNativeTarget;
			buildConfigurationList = C89341382A4B4AF600F11160 /* Build configuration list for PBXNativeTarget "cvTests" */;
			buildPhases = (
				C893411D2A4B4AF600F11160 /* Sources */,
				C893411E2A4B4AF600F11160 /* Frameworks */,
				C893411F2A4B4AF600F11160 /* Resources */,
			);
			buildRules = (
			);
			dependencies = (
				C89341232A4B4AF600F11160 /* PBXTargetDependency */,
			);
			name = cvTests;
			productName = cvTests;
			productReference = C89341212A4B4AF600F11160 /* cvTests.xctest */;
			productType = "com.apple.product-type.bundle.unit-test";
		};
		C893412A2A4B4AF600F11160 /* cvUITests */ = {
			isa = PBXNativeTarget;
			buildConfigurationList = C893413B2A4B4AF600F11160 /* Build configuration list for PBXNativeTarget "cvUITests" */;
			buildPhases = (
				C89341272A4B4AF600F11160 /* Sources */,
				C89341282A4B4AF600F11160 /* Frameworks */,
				C89341292A4B4AF600F11160 /* Resources */,
			);
			buildRules = (
			);
			dependencies = (
				C893412D2A4B4AF600F11160 /* PBXTargetDependency */,
			);
			name = cvUITests;
			productName = cvUITests;
			productReference = C893412B2A4B4AF600F11160 /* cvUITests.xctest */;
			productType = "com.apple.product-type.bundle.ui-testing";
		};
/* End PBXNativeTarget section */

/* Begin PBXProject section */
		C89341002A4B4AF500F11160 /* Project object */ = {
			isa = PBXProject;
			attributes = {
				BuildIndependentTargetsInParallel = 1;
				LastSwiftUpdateCheck = 1420;
				LastUpgradeCheck = 1420;
				TargetAttributes = {
					C89341072A4B4AF500F11160 = {
						CreatedOnToolsVersion = 14.2;
					};
					C89341202A4B4AF600F11160 = {
						CreatedOnToolsVersion = 14.2;
						TestTargetID = C89341072A4B4AF500F11160;
					};
					C893412A2A4B4AF600F11160 = {
						CreatedOnToolsVersion = 14.2;
						TestTargetID = C89341072A4B4AF500F11160;
					};
				};
			};
			buildConfigurationList = C89341032A4B4AF500F11160 /* Build configuration list for PBXProject "cv" */;
			compatibilityVersion = "Xcode 14.0";
			developmentRegion = en;
			hasScannedForEncodings = 0;
			knownRegions = (
				en,
				Base,
			);
			mainGroup = C89340FF2A4B4AF500F11160;
			productRefGroup = C89341092A4B4AF500F11160 /* Products */;
			projectDirPath = "";
			projectRoot = "";
			targets = (
				C89341072A4B4AF500F11160 /* cv */,
				C89341202A4B4AF600F11160 /* cvTests */,
				C893412A2A4B4AF600F11160 /* cvUITests */,
			);
		};
/* End PBXProject section */

/* Begin PBXResourcesBuildPhase section */
		C89341062A4B4AF500F11160 /* Resources */ = {
			isa = PBXResourcesBuildPhase;
			buildActionMask = 2147483647;
			files = (
				C893411B2A4B4AF600F11160 /* LaunchScreen.storyboard in Resources */,
				C89341182A4B4AF600F11160 /* Assets.xcassets in Resources */,
				C89341132A4B4AF500F11160 /* Main.storyboard in Resources */,
			);
			runOnlyForDeploymentPostprocessing = 0;
		};
		C893411F2A4B4AF600F11160 /* Resources */ = {
			isa = PBXResourcesBuildPhase;
			buildActionMask = 2147483647;
			files = (
			);
			runOnlyForDeploymentPostprocessing = 0;
		};
		C89341292A4B4AF600F11160 /* Resources */ = {
			isa = PBXResourcesBuildPhase;
			buildActionMask = 2147483647;
			files = (
			);
			runOnlyForDeploymentPostprocessing = 0;
		};
/* End PBXResourcesBuildPhase section */

/* Begin PBXSourcesBuildPhase section */
		C89341042A4B4AF500F11160 /* Sources */ = {
			isa = PBXSourcesBuildPhase;
			buildActionMask = 2147483647;
			files = (
				C83BD59C2A4B4CB000403D79 /* ApiConstants.swift in Sources */,
				C83BD5972A4B4C7600403D79 /* BaseRequest.swift in Sources */,
				C89341162A4B4AF500F11160 /* cv.xcdatamodeld in Sources */,
				C83BD5992A4B4C7600403D79 /* BaseResponse.swift in Sources */,
				C83BD59F2A4B4E3800403D79 /* CharacterRequest.swift in Sources */,
				C89341102A4B4AF500F11160 /* ViewController.swift in Sources */,
				C8B093F32A4CC1F500503E3D /* CharacterListView.swift in Sources */,
				C8B093F72A4CC28C00503E3D /* CharacterListProtocol.swift in Sources */,
				C8B093F92A4CC2B700503E3D /* CharacterListPresenterImpl.swift in Sources */,
				C8B093F12A4CC17800503E3D /* CharacterListConfigurator.swift in Sources */,
				C83BD5AC2A4B513D00403D79 /* CharacterRepositoryImpl.swift in Sources */,
				C83BD5982A4B4C7600403D79 /* BaseRemote.swift in Sources */,
				C83BD5832A4B4BF200403D79 /* StringExtension.swift in Sources */,
				C893410C2A4B4AF500F11160 /* AppDelegate.swift in Sources */,
				C8B093F52A4CC22900503E3D /* CharacterListInteractorImpl.swift in Sources */,
				C893410E2A4B4AF500F11160 /* SceneDelegate.swift in Sources */,
				C83BD5AA2A4B510600403D79 /* CharacterRepository.swift in Sources */,
				C83BD5A12A4B4E5300403D79 /* CharacterResponse.swift in Sources */,
				C83BD59A2A4B4C7600403D79 /* BaseRemoteImpl.swift in Sources */,
			);
			runOnlyForDeploymentPostprocessing = 0;
		};
		C893411D2A4B4AF600F11160 /* Sources */ = {
			isa = PBXSourcesBuildPhase;
			buildActionMask = 2147483647;
			files = (
				C83BD5AE2A4B530800403D79 /* CharacterTestMock.swift in Sources */,
				C83BD5A72A4B505000403D79 /* CharacterRepositoryTests.swift in Sources */,
			);
			runOnlyForDeploymentPostprocessing = 0;
		};
		C89341272A4B4AF600F11160 /* Sources */ = {
			isa = PBXSourcesBuildPhase;
			buildActionMask = 2147483647;
			files = (
				C89341302A4B4AF600F11160 /* UITests.swift in Sources */,
				C89341322A4B4AF600F11160 /* UITestsLaunchTests.swift in Sources */,
			);
			runOnlyForDeploymentPostprocessing = 0;
		};
/* End PBXSourcesBuildPhase section */

/* Begin PBXTargetDependency section */
		C89341232A4B4AF600F11160 /* PBXTargetDependency */ = {
			isa = PBXTargetDependency;
			target = C89341072A4B4AF500F11160 /* cv */;
			targetProxy = C89341222A4B4AF600F11160 /* PBXContainerItemProxy */;
		};
		C893412D2A4B4AF600F11160 /* PBXTargetDependency */ = {
			isa = PBXTargetDependency;
			target = C89341072A4B4AF500F11160 /* cv */;
			targetProxy = C893412C2A4B4AF600F11160 /* PBXContainerItemProxy */;
		};
/* End PBXTargetDependency section */

/* Begin PBXVariantGroup section */
		C89341112A4B4AF500F11160 /* Main.storyboard */ = {
			isa = PBXVariantGroup;
			children = (
				C89341122A4B4AF500F11160 /* Base */,
			);
			name = Main.storyboard;
			sourceTree = "<group>";
		};
		C89341192A4B4AF600F11160 /* LaunchScreen.storyboard */ = {
			isa = PBXVariantGroup;
			children = (
				C893411A2A4B4AF600F11160 /* Base */,
			);
			name = LaunchScreen.storyboard;
			sourceTree = "<group>";
		};
/* End PBXVariantGroup section */

/* Begin XCBuildConfiguration section */
		C89341332A4B4AF600F11160 /* Debug */ = {
			isa = XCBuildConfiguration;
			buildSettings = {
				ALWAYS_SEARCH_USER_PATHS = NO;
				CLANG_ANALYZER_NONNULL = YES;
				CLANG_ANALYZER_NUMBER_OBJECT_CONVERSION = YES_AGGRESSIVE;
				CLANG_CXX_LANGUAGE_STANDARD = "gnu++20";
				CLANG_ENABLE_MODULES = YES;
				CLANG_ENABLE_OBJC_ARC = YES;
				CLANG_ENABLE_OBJC_WEAK = YES;
				CLANG_WARN_BLOCK_CAPTURE_AUTORELEASING = YES;
				CLANG_WARN_BOOL_CONVERSION = YES;
				CLANG_WARN_COMMA = YES;
				CLANG_WARN_CONSTANT_CONVERSION = YES;
				CLANG_WARN_DEPRECATED_OBJC_IMPLEMENTATIONS = YES;
				CLANG_WARN_DIRECT_OBJC_ISA_USAGE = YES_ERROR;
				CLANG_WARN_DOCUMENTATION_COMMENTS = YES;
				CLANG_WARN_EMPTY_BODY = YES;
				CLANG_WARN_ENUM_CONVERSION = YES;
				CLANG_WARN_INFINITE_RECURSION = YES;
				CLANG_WARN_INT_CONVERSION = YES;
				CLANG_WARN_NON_LITERAL_NULL_CONVERSION = YES;
				CLANG_WARN_OBJC_IMPLICIT_RETAIN_SELF = YES;
				CLANG_WARN_OBJC_LITERAL_CONVERSION = YES;
				CLANG_WARN_OBJC_ROOT_CLASS = YES_ERROR;
				CLANG_WARN_QUOTED_INCLUDE_IN_FRAMEWORK_HEADER = YES;
				CLANG_WARN_RANGE_LOOP_ANALYSIS = YES;
				CLANG_WARN_STRICT_PROTOTYPES = YES;
				CLANG_WARN_SUSPICIOUS_MOVE = YES;
				CLANG_WARN_UNGUARDED_AVAILABILITY = YES_AGGRESSIVE;
				CLANG_WARN_UNREACHABLE_CODE = YES;
				CLANG_WARN__DUPLICATE_METHOD_MATCH = YES;
				COPY_PHASE_STRIP = NO;
				DEBUG_INFORMATION_FORMAT = dwarf;
				ENABLE_STRICT_OBJC_MSGSEND = YES;
				ENABLE_TESTABILITY = YES;
				GCC_C_LANGUAGE_STANDARD = gnu11;
				GCC_DYNAMIC_NO_PIC = NO;
				GCC_NO_COMMON_BLOCKS = YES;
				GCC_OPTIMIZATION_LEVEL = 0;
				GCC_PREPROCESSOR_DEFINITIONS = (
					"DEBUG=1",
					"$(inherited)",
				);
				GCC_WARN_64_TO_32_BIT_CONVERSION = YES;
				GCC_WARN_ABOUT_RETURN_TYPE = YES_ERROR;
				GCC_WARN_UNDECLARED_SELECTOR = YES;
				GCC_WARN_UNINITIALIZED_AUTOS = YES_AGGRESSIVE;
				GCC_WARN_UNUSED_FUNCTION = YES;
				GCC_WARN_UNUSED_VARIABLE = YES;
				IPHONEOS_DEPLOYMENT_TARGET = 16.2;
				MTL_ENABLE_DEBUG_INFO = INCLUDE_SOURCE;
				MTL_FAST_MATH = YES;
				ONLY_ACTIVE_ARCH = YES;
				SDKROOT = iphoneos;
				SWIFT_ACTIVE_COMPILATION_CONDITIONS = DEBUG;
				SWIFT_OPTIMIZATION_LEVEL = "-Onone";
			};
			name = Debug;
		};
		C89341342A4B4AF600F11160 /* Release */ = {
			isa = XCBuildConfiguration;
			buildSettings = {
				ALWAYS_SEARCH_USER_PATHS = NO;
				CLANG_ANALYZER_NONNULL = YES;
				CLANG_ANALYZER_NUMBER_OBJECT_CONVERSION = YES_AGGRESSIVE;
				CLANG_CXX_LANGUAGE_STANDARD = "gnu++20";
				CLANG_ENABLE_MODULES = YES;
				CLANG_ENABLE_OBJC_ARC = YES;
				CLANG_ENABLE_OBJC_WEAK = YES;
				CLANG_WARN_BLOCK_CAPTURE_AUTORELEASING = YES;
				CLANG_WARN_BOOL_CONVERSION = YES;
				CLANG_WARN_COMMA = YES;
				CLANG_WARN_CONSTANT_CONVERSION = YES;
				CLANG_WARN_DEPRECATED_OBJC_IMPLEMENTATIONS = YES;
				CLANG_WARN_DIRECT_OBJC_ISA_USAGE = YES_ERROR;
				CLANG_WARN_DOCUMENTATION_COMMENTS = YES;
				CLANG_WARN_EMPTY_BODY = YES;
				CLANG_WARN_ENUM_CONVERSION = YES;
				CLANG_WARN_INFINITE_RECURSION = YES;
				CLANG_WARN_INT_CONVERSION = YES;
				CLANG_WARN_NON_LITERAL_NULL_CONVERSION = YES;
				CLANG_WARN_OBJC_IMPLICIT_RETAIN_SELF = YES;
				CLANG_WARN_OBJC_LITERAL_CONVERSION = YES;
				CLANG_WARN_OBJC_ROOT_CLASS = YES_ERROR;
				CLANG_WARN_QUOTED_INCLUDE_IN_FRAMEWORK_HEADER = YES;
				CLANG_WARN_RANGE_LOOP_ANALYSIS = YES;
				CLANG_WARN_STRICT_PROTOTYPES = YES;
				CLANG_WARN_SUSPICIOUS_MOVE = YES;
				CLANG_WARN_UNGUARDED_AVAILABILITY = YES_AGGRESSIVE;
				CLANG_WARN_UNREACHABLE_CODE = YES;
				CLANG_WARN__DUPLICATE_METHOD_MATCH = YES;
				COPY_PHASE_STRIP = NO;
				DEBUG_INFORMATION_FORMAT = "dwarf-with-dsym";
				ENABLE_NS_ASSERTIONS = NO;
				ENABLE_STRICT_OBJC_MSGSEND = YES;
				GCC_C_LANGUAGE_STANDARD = gnu11;
				GCC_NO_COMMON_BLOCKS = YES;
				GCC_WARN_64_TO_32_BIT_CONVERSION = YES;
				GCC_WARN_ABOUT_RETURN_TYPE = YES_ERROR;
				GCC_WARN_UNDECLARED_SELECTOR = YES;
				GCC_WARN_UNINITIALIZED_AUTOS = YES_AGGRESSIVE;
				GCC_WARN_UNUSED_FUNCTION = YES;
				GCC_WARN_UNUSED_VARIABLE = YES;
				IPHONEOS_DEPLOYMENT_TARGET = 16.2;
				MTL_ENABLE_DEBUG_INFO = NO;
				MTL_FAST_MATH = YES;
				SDKROOT = iphoneos;
				SWIFT_COMPILATION_MODE = wholemodule;
				SWIFT_OPTIMIZATION_LEVEL = "-O";
				VALIDATE_PRODUCT = YES;
			};
			name = Release;
		};
		C89341362A4B4AF600F11160 /* Debug */ = {
			isa = XCBuildConfiguration;
			buildSettings = {
				ASSETCATALOG_COMPILER_APPICON_NAME = AppIcon;
				ASSETCATALOG_COMPILER_GLOBAL_ACCENT_COLOR_NAME = AccentColor;
				CODE_SIGN_STYLE = Automatic;
				CURRENT_PROJECT_VERSION = 1;
				DEVELOPMENT_TEAM = BR378QZBFQ;
				GENERATE_INFOPLIST_FILE = YES;
				INFOPLIST_FILE = cv/Info.plist;
				INFOPLIST_KEY_UIApplicationSupportsIndirectInputEvents = YES;
				INFOPLIST_KEY_UILaunchStoryboardName = LaunchScreen;
				INFOPLIST_KEY_UIMainStoryboardFile = Main;
				INFOPLIST_KEY_UISupportedInterfaceOrientations_iPad = "UIInterfaceOrientationPortrait UIInterfaceOrientationPortraitUpsideDown UIInterfaceOrientationLandscapeLeft UIInterfaceOrientationLandscapeRight";
				INFOPLIST_KEY_UISupportedInterfaceOrientations_iPhone = "UIInterfaceOrientationPortrait UIInterfaceOrientationLandscapeLeft UIInterfaceOrientationLandscapeRight";
				LD_RUNPATH_SEARCH_PATHS = (
					"$(inherited)",
					"@executable_path/Frameworks",
				);
				MARKETING_VERSION = 1.0;
				PRODUCT_BUNDLE_IDENTIFIER = es.pose.cv;
				PRODUCT_NAME = "$(TARGET_NAME)";
				SWIFT_EMIT_LOC_STRINGS = YES;
				SWIFT_VERSION = 5.0;
				TARGETED_DEVICE_FAMILY = "1,2";
			};
			name = Debug;
		};
		C89341372A4B4AF600F11160 /* Release */ = {
			isa = XCBuildConfiguration;
			buildSettings = {
				ASSETCATALOG_COMPILER_APPICON_NAME = AppIcon;
				ASSETCATALOG_COMPILER_GLOBAL_ACCENT_COLOR_NAME = AccentColor;
				CODE_SIGN_STYLE = Automatic;
				CURRENT_PROJECT_VERSION = 1;
				DEVELOPMENT_TEAM = BR378QZBFQ;
				GENERATE_INFOPLIST_FILE = YES;
				INFOPLIST_FILE = cv/Info.plist;
				INFOPLIST_KEY_UIApplicationSupportsIndirectInputEvents = YES;
				INFOPLIST_KEY_UILaunchStoryboardName = LaunchScreen;
				INFOPLIST_KEY_UIMainStoryboardFile = Main;
				INFOPLIST_KEY_UISupportedInterfaceOrientations_iPad = "UIInterfaceOrientationPortrait UIInterfaceOrientationPortraitUpsideDown UIInterfaceOrientationLandscapeLeft UIInterfaceOrientationLandscapeRight";
				INFOPLIST_KEY_UISupportedInterfaceOrientations_iPhone = "UIInterfaceOrientationPortrait UIInterfaceOrientationLandscapeLeft UIInterfaceOrientationLandscapeRight";
				LD_RUNPATH_SEARCH_PATHS = (
					"$(inherited)",
					"@executable_path/Frameworks",
				);
				MARKETING_VERSION = 1.0;
				PRODUCT_BUNDLE_IDENTIFIER = es.pose.cv;
				PRODUCT_NAME = "$(TARGET_NAME)";
				SWIFT_EMIT_LOC_STRINGS = YES;
				SWIFT_VERSION = 5.0;
				TARGETED_DEVICE_FAMILY = "1,2";
			};
			name = Release;
		};
		C89341392A4B4AF600F11160 /* Debug */ = {
			isa = XCBuildConfiguration;
			buildSettings = {
				ALWAYS_EMBED_SWIFT_STANDARD_LIBRARIES = YES;
				BUNDLE_LOADER = "$(TEST_HOST)";
				CODE_SIGN_STYLE = Automatic;
				CURRENT_PROJECT_VERSION = 1;
				DEVELOPMENT_TEAM = BR378QZBFQ;
				GENERATE_INFOPLIST_FILE = YES;
				IPHONEOS_DEPLOYMENT_TARGET = 16.2;
				MARKETING_VERSION = 1.0;
				PRODUCT_BUNDLE_IDENTIFIER = es.pose.cvTests;
				PRODUCT_NAME = "$(TARGET_NAME)";
				SWIFT_EMIT_LOC_STRINGS = NO;
				SWIFT_VERSION = 5.0;
				TARGETED_DEVICE_FAMILY = "1,2";
				TEST_HOST = "$(BUILT_PRODUCTS_DIR)/cv.app/$(BUNDLE_EXECUTABLE_FOLDER_PATH)/cv";
			};
			name = Debug;
		};
		C893413A2A4B4AF600F11160 /* Release */ = {
			isa = XCBuildConfiguration;
			buildSettings = {
				ALWAYS_EMBED_SWIFT_STANDARD_LIBRARIES = YES;
				BUNDLE_LOADER = "$(TEST_HOST)";
				CODE_SIGN_STYLE = Automatic;
				CURRENT_PROJECT_VERSION = 1;
				DEVELOPMENT_TEAM = BR378QZBFQ;
				GENERATE_INFOPLIST_FILE = YES;
				IPHONEOS_DEPLOYMENT_TARGET = 16.2;
				MARKETING_VERSION = 1.0;
				PRODUCT_BUNDLE_IDENTIFIER = es.pose.cvTests;
				PRODUCT_NAME = "$(TARGET_NAME)";
				SWIFT_EMIT_LOC_STRINGS = NO;
				SWIFT_VERSION = 5.0;
				TARGETED_DEVICE_FAMILY = "1,2";
				TEST_HOST = "$(BUILT_PRODUCTS_DIR)/cv.app/$(BUNDLE_EXECUTABLE_FOLDER_PATH)/cv";
			};
			name = Release;
		};
		C893413C2A4B4AF600F11160 /* Debug */ = {
			isa = XCBuildConfiguration;
			buildSettings = {
				ALWAYS_EMBED_SWIFT_STANDARD_LIBRARIES = YES;
				CODE_SIGN_STYLE = Automatic;
				CURRENT_PROJECT_VERSION = 1;
				DEVELOPMENT_TEAM = BR378QZBFQ;
				GENERATE_INFOPLIST_FILE = YES;
				MARKETING_VERSION = 1.0;
				PRODUCT_BUNDLE_IDENTIFIER = es.pose.cvUITests;
				PRODUCT_NAME = "$(TARGET_NAME)";
				SWIFT_EMIT_LOC_STRINGS = NO;
				SWIFT_VERSION = 5.0;
				TARGETED_DEVICE_FAMILY = "1,2";
				TEST_TARGET_NAME = cv;
			};
			name = Debug;
		};
		C893413D2A4B4AF600F11160 /* Release */ = {
			isa = XCBuildConfiguration;
			buildSettings = {
				ALWAYS_EMBED_SWIFT_STANDARD_LIBRARIES = YES;
				CODE_SIGN_STYLE = Automatic;
				CURRENT_PROJECT_VERSION = 1;
				DEVELOPMENT_TEAM = BR378QZBFQ;
				GENERATE_INFOPLIST_FILE = YES;
				MARKETING_VERSION = 1.0;
				PRODUCT_BUNDLE_IDENTIFIER = es.pose.cvUITests;
				PRODUCT_NAME = "$(TARGET_NAME)";
				SWIFT_EMIT_LOC_STRINGS = NO;
				SWIFT_VERSION = 5.0;
				TARGETED_DEVICE_FAMILY = "1,2";
				TEST_TARGET_NAME = cv;
			};
			name = Release;
		};
/* End XCBuildConfiguration section */

/* Begin XCConfigurationList section */
		C89341032A4B4AF500F11160 /* Build configuration list for PBXProject "cv" */ = {
			isa = XCConfigurationList;
			buildConfigurations = (
				C89341332A4B4AF600F11160 /* Debug */,
				C89341342A4B4AF600F11160 /* Release */,
			);
			defaultConfigurationIsVisible = 0;
			defaultConfigurationName = Release;
		};
		C89341352A4B4AF600F11160 /* Build configuration list for PBXNativeTarget "cv" */ = {
			isa = XCConfigurationList;
			buildConfigurations = (
				C89341362A4B4AF600F11160 /* Debug */,
				C89341372A4B4AF600F11160 /* Release */,
			);
			defaultConfigurationIsVisible = 0;
			defaultConfigurationName = Release;
		};
		C89341382A4B4AF600F11160 /* Build configuration list for PBXNativeTarget "cvTests" */ = {
			isa = XCConfigurationList;
			buildConfigurations = (
				C89341392A4B4AF600F11160 /* Debug */,
				C893413A2A4B4AF600F11160 /* Release */,
			);
			defaultConfigurationIsVisible = 0;
			defaultConfigurationName = Release;
		};
		C893413B2A4B4AF600F11160 /* Build configuration list for PBXNativeTarget "cvUITests" */ = {
			isa = XCConfigurationList;
			buildConfigurations = (
				C893413C2A4B4AF600F11160 /* Debug */,
				C893413D2A4B4AF600F11160 /* Release */,
			);
			defaultConfigurationIsVisible = 0;
			defaultConfigurationName = Release;
		};
/* End XCConfigurationList section */

/* Begin XCVersionGroup section */
		C89341142A4B4AF500F11160 /* cv.xcdatamodeld */ = {
			isa = XCVersionGroup;
			children = (
				C89341152A4B4AF500F11160 /* cv.xcdatamodel */,
			);
			currentVersion = C89341152A4B4AF500F11160 /* cv.xcdatamodel */;
			path = cv.xcdatamodeld;
			sourceTree = "<group>";
			versionGroupType = wrapper.xcdatamodel;
		};
/* End XCVersionGroup section */
	};
	rootObject = C89341002A4B4AF500F11160 /* Project object */;
}
