// !$*UTF8*$!
{
	archiveVersion = 1;
	classes = {
	};
	objectVersion = 56;
	objects = {

/* Begin PBXBuildFile section */
		C8438B642A506E44008E6C2A /* CharacterByIdRequest.swift in Sources */ = {isa = PBXBuildFile; fileRef = C8438B632A506E44008E6C2A /* CharacterByIdRequest.swift */; };
		C8438B702A5093AE008E6C2A /* CharacterTestMock.swift in Sources */ = {isa = PBXBuildFile; fileRef = C8438B6F2A5093AE008E6C2A /* CharacterTestMock.swift */; };
		C890062D2A4DFB3100436500 /* BaseApp.swift in Sources */ = {isa = PBXBuildFile; fileRef = C890062C2A4DFB3100436500 /* BaseApp.swift */; };
		C890062F2A4DFB3100436500 /* ContentView.swift in Sources */ = {isa = PBXBuildFile; fileRef = C890062E2A4DFB3100436500 /* ContentView.swift */; };
		C89006312A4DFB3200436500 /* Assets.xcassets in Resources */ = {isa = PBXBuildFile; fileRef = C89006302A4DFB3200436500 /* Assets.xcassets */; };
		C89006342A4DFB3200436500 /* Preview Assets.xcassets in Resources */ = {isa = PBXBuildFile; fileRef = C89006332A4DFB3200436500 /* Preview Assets.xcassets */; };
		C890067A2A4DFB9D00436500 /* CharacterRepository.swift in Sources */ = {isa = PBXBuildFile; fileRef = C890065A2A4DFB9D00436500 /* CharacterRepository.swift */; };
		C890067B2A4DFB9D00436500 /* CharacterRepositoryImpl.swift in Sources */ = {isa = PBXBuildFile; fileRef = C890065B2A4DFB9D00436500 /* CharacterRepositoryImpl.swift */; };
		C890067C2A4DFB9D00436500 /* CharacterRequest.swift in Sources */ = {isa = PBXBuildFile; fileRef = C890065D2A4DFB9D00436500 /* CharacterRequest.swift */; };
		C890067D2A4DFB9D00436500 /* CharacterResponse.swift in Sources */ = {isa = PBXBuildFile; fileRef = C890065E2A4DFB9D00436500 /* CharacterResponse.swift */; };
		C890067E2A4DFB9D00436500 /* CharacterListConfigurator.swift in Sources */ = {isa = PBXBuildFile; fileRef = C89006622A4DFB9D00436500 /* CharacterListConfigurator.swift */; };
		C890067F2A4DFB9D00436500 /* CharacterListPresenterImpl.swift in Sources */ = {isa = PBXBuildFile; fileRef = C89006642A4DFB9D00436500 /* CharacterListPresenterImpl.swift */; };
		C89006802A4DFB9D00436500 /* CharacterListView.swift in Sources */ = {isa = PBXBuildFile; fileRef = C89006662A4DFB9D00436500 /* CharacterListView.swift */; };
		C89006812A4DFB9D00436500 /* CharacterListViewModel.swift in Sources */ = {isa = PBXBuildFile; fileRef = C89006672A4DFB9D00436500 /* CharacterListViewModel.swift */; };
		C89006822A4DFB9D00436500 /* CharacterListInteractorImpl.swift in Sources */ = {isa = PBXBuildFile; fileRef = C89006692A4DFB9D00436500 /* CharacterListInteractorImpl.swift */; };
		C89006832A4DFB9D00436500 /* StringExtension.swift in Sources */ = {isa = PBXBuildFile; fileRef = C89006732A4DFB9D00436500 /* StringExtension.swift */; };
		C89006842A4DFB9D00436500 /* BaseRequest.swift in Sources */ = {isa = PBXBuildFile; fileRef = C89006752A4DFB9D00436500 /* BaseRequest.swift */; };
		C89006852A4DFB9D00436500 /* BaseRemote.swift in Sources */ = {isa = PBXBuildFile; fileRef = C89006762A4DFB9D00436500 /* BaseRemote.swift */; };
		C89006862A4DFB9D00436500 /* BaseResponse.swift in Sources */ = {isa = PBXBuildFile; fileRef = C89006772A4DFB9D00436500 /* BaseResponse.swift */; };
		C89006872A4DFB9D00436500 /* BaseRemoteImpl.swift in Sources */ = {isa = PBXBuildFile; fileRef = C89006782A4DFB9D00436500 /* BaseRemoteImpl.swift */; };
		C89006882A4DFB9D00436500 /* ApiConstants.swift in Sources */ = {isa = PBXBuildFile; fileRef = C89006792A4DFB9D00436500 /* ApiConstants.swift */; };
		C890068F2A4DFBB500436500 /* CharacterRepositoryTests.swift in Sources */ = {isa = PBXBuildFile; fileRef = C890068D2A4DFBB500436500 /* CharacterRepositoryTests.swift */; };
		C89006972A4DFBCC00436500 /* UITestsLaunchTests.swift in Sources */ = {isa = PBXBuildFile; fileRef = C89006952A4DFBCC00436500 /* UITestsLaunchTests.swift */; };
		C89006982A4DFBCC00436500 /* UITests.swift in Sources */ = {isa = PBXBuildFile; fileRef = C89006962A4DFBCC00436500 /* UITests.swift */; };
		C890069F2A4EBE6900436500 /* CharacterListDM.swift in Sources */ = {isa = PBXBuildFile; fileRef = C890069E2A4EBE6900436500 /* CharacterListDM.swift */; };
		C89006A22A4F07D900436500 /* CharacterListCardView.swift in Sources */ = {isa = PBXBuildFile; fileRef = C89006A12A4F07D900436500 /* CharacterListCardView.swift */; };
		C89006A52A4F1ABD00436500 /* ColorExtension.swift in Sources */ = {isa = PBXBuildFile; fileRef = C89006A42A4F1ABD00436500 /* ColorExtension.swift */; };
		C89006A72A4F1DDD00436500 /* PaddingUtils.swift in Sources */ = {isa = PBXBuildFile; fileRef = C89006A62A4F1DDD00436500 /* PaddingUtils.swift */; };
		C89006A92A4F1F3A00436500 /* CustomSearchBar.swift in Sources */ = {isa = PBXBuildFile; fileRef = C89006A82A4F1F3A00436500 /* CustomSearchBar.swift */; };
		C89006AB2A4F236300436500 /* CharacterDetailView.swift in Sources */ = {isa = PBXBuildFile; fileRef = C89006AA2A4F236300436500 /* CharacterDetailView.swift */; };
		C89006AE2A4F285100436500 /* HeaderTitleWithImage.swift in Sources */ = {isa = PBXBuildFile; fileRef = C89006AD2A4F285100436500 /* HeaderTitleWithImage.swift */; };
/* End PBXBuildFile section */

/* Begin PBXContainerItemProxy section */
		C890063A2A4DFB3200436500 /* PBXContainerItemProxy */ = {
			isa = PBXContainerItemProxy;
			containerPortal = C89006212A4DFB3100436500 /* Project object */;
			proxyType = 1;
			remoteGlobalIDString = C89006282A4DFB3100436500;
			remoteInfo = cv;
		};
		C89006442A4DFB3200436500 /* PBXContainerItemProxy */ = {
			isa = PBXContainerItemProxy;
			containerPortal = C89006212A4DFB3100436500 /* Project object */;
			proxyType = 1;
			remoteGlobalIDString = C89006282A4DFB3100436500;
			remoteInfo = cv;
		};
/* End PBXContainerItemProxy section */

/* Begin PBXFileReference section */
		C8438B632A506E44008E6C2A /* CharacterByIdRequest.swift */ = {isa = PBXFileReference; lastKnownFileType = sourcecode.swift; path = CharacterByIdRequest.swift; sourceTree = "<group>"; };
		C8438B6C2A507D8E008E6C2A /* CharacterRepositoryMock.swift */ = {isa = PBXFileReference; lastKnownFileType = sourcecode.swift; path = CharacterRepositoryMock.swift; sourceTree = "<group>"; };
		C8438B6F2A5093AE008E6C2A /* CharacterTestMock.swift */ = {isa = PBXFileReference; fileEncoding = 4; lastKnownFileType = sourcecode.swift; path = CharacterTestMock.swift; sourceTree = "<group>"; };
		C89006292A4DFB3100436500 /* cv.app */ = {isa = PBXFileReference; explicitFileType = wrapper.application; includeInIndex = 0; path = cv.app; sourceTree = BUILT_PRODUCTS_DIR; };
		C890062C2A4DFB3100436500 /* BaseApp.swift */ = {isa = PBXFileReference; lastKnownFileType = sourcecode.swift; path = BaseApp.swift; sourceTree = "<group>"; };
		C890062E2A4DFB3100436500 /* ContentView.swift */ = {isa = PBXFileReference; lastKnownFileType = sourcecode.swift; path = ContentView.swift; sourceTree = "<group>"; };
		C89006302A4DFB3200436500 /* Assets.xcassets */ = {isa = PBXFileReference; lastKnownFileType = folder.assetcatalog; path = Assets.xcassets; sourceTree = "<group>"; };
		C89006332A4DFB3200436500 /* Preview Assets.xcassets */ = {isa = PBXFileReference; lastKnownFileType = folder.assetcatalog; path = "Preview Assets.xcassets"; sourceTree = "<group>"; };
		C89006392A4DFB3200436500 /* cvTests.xctest */ = {isa = PBXFileReference; explicitFileType = wrapper.cfbundle; includeInIndex = 0; path = cvTests.xctest; sourceTree = BUILT_PRODUCTS_DIR; };
		C89006432A4DFB3200436500 /* cvUITests.xctest */ = {isa = PBXFileReference; explicitFileType = wrapper.cfbundle; includeInIndex = 0; path = cvUITests.xctest; sourceTree = BUILT_PRODUCTS_DIR; };
		C890065A2A4DFB9D00436500 /* CharacterRepository.swift */ = {isa = PBXFileReference; fileEncoding = 4; lastKnownFileType = sourcecode.swift; path = CharacterRepository.swift; sourceTree = "<group>"; };
		C890065B2A4DFB9D00436500 /* CharacterRepositoryImpl.swift */ = {isa = PBXFileReference; fileEncoding = 4; lastKnownFileType = sourcecode.swift; path = CharacterRepositoryImpl.swift; sourceTree = "<group>"; };
		C890065D2A4DFB9D00436500 /* CharacterRequest.swift */ = {isa = PBXFileReference; fileEncoding = 4; lastKnownFileType = sourcecode.swift; path = CharacterRequest.swift; sourceTree = "<group>"; };
		C890065E2A4DFB9D00436500 /* CharacterResponse.swift */ = {isa = PBXFileReference; fileEncoding = 4; lastKnownFileType = sourcecode.swift; path = CharacterResponse.swift; sourceTree = "<group>"; };
		C89006622A4DFB9D00436500 /* CharacterListConfigurator.swift */ = {isa = PBXFileReference; fileEncoding = 4; lastKnownFileType = sourcecode.swift; path = CharacterListConfigurator.swift; sourceTree = "<group>"; };
		C89006642A4DFB9D00436500 /* CharacterListPresenterImpl.swift */ = {isa = PBXFileReference; fileEncoding = 4; lastKnownFileType = sourcecode.swift; path = CharacterListPresenterImpl.swift; sourceTree = "<group>"; };
		C89006662A4DFB9D00436500 /* CharacterListView.swift */ = {isa = PBXFileReference; fileEncoding = 4; lastKnownFileType = sourcecode.swift; path = CharacterListView.swift; sourceTree = "<group>"; };
		C89006672A4DFB9D00436500 /* CharacterListViewModel.swift */ = {isa = PBXFileReference; fileEncoding = 4; lastKnownFileType = sourcecode.swift; path = CharacterListViewModel.swift; sourceTree = "<group>"; };
		C89006692A4DFB9D00436500 /* CharacterListInteractorImpl.swift */ = {isa = PBXFileReference; fileEncoding = 4; lastKnownFileType = sourcecode.swift; path = CharacterListInteractorImpl.swift; sourceTree = "<group>"; };
		C89006732A4DFB9D00436500 /* StringExtension.swift */ = {isa = PBXFileReference; fileEncoding = 4; lastKnownFileType = sourcecode.swift; path = StringExtension.swift; sourceTree = "<group>"; };
		C89006752A4DFB9D00436500 /* BaseRequest.swift */ = {isa = PBXFileReference; fileEncoding = 4; lastKnownFileType = sourcecode.swift; path = BaseRequest.swift; sourceTree = "<group>"; };
		C89006762A4DFB9D00436500 /* BaseRemote.swift */ = {isa = PBXFileReference; fileEncoding = 4; lastKnownFileType = sourcecode.swift; path = BaseRemote.swift; sourceTree = "<group>"; };
		C89006772A4DFB9D00436500 /* BaseResponse.swift */ = {isa = PBXFileReference; fileEncoding = 4; lastKnownFileType = sourcecode.swift; path = BaseResponse.swift; sourceTree = "<group>"; };
		C89006782A4DFB9D00436500 /* BaseRemoteImpl.swift */ = {isa = PBXFileReference; fileEncoding = 4; lastKnownFileType = sourcecode.swift; path = BaseRemoteImpl.swift; sourceTree = "<group>"; };
		C89006792A4DFB9D00436500 /* ApiConstants.swift */ = {isa = PBXFileReference; fileEncoding = 4; lastKnownFileType = sourcecode.swift; path = ApiConstants.swift; sourceTree = "<group>"; };
		C890068D2A4DFBB500436500 /* CharacterRepositoryTests.swift */ = {isa = PBXFileReference; fileEncoding = 4; lastKnownFileType = sourcecode.swift; path = CharacterRepositoryTests.swift; sourceTree = "<group>"; };
		C89006952A4DFBCC00436500 /* UITestsLaunchTests.swift */ = {isa = PBXFileReference; fileEncoding = 4; lastKnownFileType = sourcecode.swift; path = UITestsLaunchTests.swift; sourceTree = "<group>"; };
		C89006962A4DFBCC00436500 /* UITests.swift */ = {isa = PBXFileReference; fileEncoding = 4; lastKnownFileType = sourcecode.swift; path = UITests.swift; sourceTree = "<group>"; };
		C890069E2A4EBE6900436500 /* CharacterListDM.swift */ = {isa = PBXFileReference; lastKnownFileType = sourcecode.swift; path = CharacterListDM.swift; sourceTree = "<group>"; };
		C89006A12A4F07D900436500 /* CharacterListCardView.swift */ = {isa = PBXFileReference; lastKnownFileType = sourcecode.swift; path = CharacterListCardView.swift; sourceTree = "<group>"; };
		C89006A42A4F1ABD00436500 /* ColorExtension.swift */ = {isa = PBXFileReference; lastKnownFileType = sourcecode.swift; path = ColorExtension.swift; sourceTree = "<group>"; };
		C89006A62A4F1DDD00436500 /* PaddingUtils.swift */ = {isa = PBXFileReference; lastKnownFileType = sourcecode.swift; path = PaddingUtils.swift; sourceTree = "<group>"; };
		C89006A82A4F1F3A00436500 /* CustomSearchBar.swift */ = {isa = PBXFileReference; lastKnownFileType = sourcecode.swift; path = CustomSearchBar.swift; sourceTree = "<group>"; };
		C89006AA2A4F236300436500 /* CharacterDetailView.swift */ = {isa = PBXFileReference; lastKnownFileType = sourcecode.swift; path = CharacterDetailView.swift; sourceTree = "<group>"; };
		C89006AD2A4F285100436500 /* HeaderTitleWithImage.swift */ = {isa = PBXFileReference; lastKnownFileType = sourcecode.swift; path = HeaderTitleWithImage.swift; sourceTree = "<group>"; };
/* End PBXFileReference section */

/* Begin PBXFrameworksBuildPhase section */
		C89006262A4DFB3100436500 /* Frameworks */ = {
			isa = PBXFrameworksBuildPhase;
			buildActionMask = 2147483647;
			files = (
			);
			runOnlyForDeploymentPostprocessing = 0;
		};
		C89006362A4DFB3200436500 /* Frameworks */ = {
			isa = PBXFrameworksBuildPhase;
			buildActionMask = 2147483647;
			files = (
			);
			runOnlyForDeploymentPostprocessing = 0;
		};
		C89006402A4DFB3200436500 /* Frameworks */ = {
			isa = PBXFrameworksBuildPhase;
			buildActionMask = 2147483647;
			files = (
			);
			runOnlyForDeploymentPostprocessing = 0;
		};
/* End PBXFrameworksBuildPhase section */

/* Begin PBXGroup section */
		C8438B6E2A507EBC008E6C2A /* DataMock */ = {
			isa = PBXGroup;
			children = (
				C8438B6F2A5093AE008E6C2A /* CharacterTestMock.swift */,
				C8438B6C2A507D8E008E6C2A /* CharacterRepositoryMock.swift */,
			);
			path = DataMock;
			sourceTree = "<group>";
		};
		C89006202A4DFB3100436500 = {
			isa = PBXGroup;
			children = (
				C890062B2A4DFB3100436500 /* cv */,
				C890063C2A4DFB3200436500 /* cvTests */,
				C89006462A4DFB3200436500 /* cvUITests */,
				C890062A2A4DFB3100436500 /* Products */,
			);
			sourceTree = "<group>";
		};
		C890062A2A4DFB3100436500 /* Products */ = {
			isa = PBXGroup;
			children = (
				C89006292A4DFB3100436500 /* cv.app */,
				C89006392A4DFB3200436500 /* cvTests.xctest */,
				C89006432A4DFB3200436500 /* cvUITests.xctest */,
			);
			name = Products;
			sourceTree = "<group>";
		};
		C890062B2A4DFB3100436500 /* cv */ = {
			isa = PBXGroup;
			children = (
				C89006562A4DFB9D00436500 /* Domain */,
				C890062C2A4DFB3100436500 /* BaseApp.swift */,
				C890062E2A4DFB3100436500 /* ContentView.swift */,
				C89006302A4DFB3200436500 /* Assets.xcassets */,
				C89006322A4DFB3200436500 /* Preview Content */,
			);
			path = cv;
			sourceTree = "<group>";
		};
		C89006322A4DFB3200436500 /* Preview Content */ = {
			isa = PBXGroup;
			children = (
				C89006332A4DFB3200436500 /* Preview Assets.xcassets */,
			);
			path = "Preview Content";
			sourceTree = "<group>";
		};
		C890063C2A4DFB3200436500 /* cvTests */ = {
			isa = PBXGroup;
			children = (
				C89006892A4DFBB500436500 /* Character */,
			);
			path = cvTests;
			sourceTree = "<group>";
		};
		C89006462A4DFB3200436500 /* cvUITests */ = {
			isa = PBXGroup;
			children = (
				C89006962A4DFBCC00436500 /* UITests.swift */,
				C89006952A4DFBCC00436500 /* UITestsLaunchTests.swift */,
			);
			path = cvUITests;
			sourceTree = "<group>";
		};
		C89006562A4DFB9D00436500 /* Domain */ = {
			isa = PBXGroup;
			children = (
				C89006702A4DFB9D00436500 /* Base */,
				C89006572A4DFB9D00436500 /* Character */,
			);
			path = Domain;
			sourceTree = "<group>";
		};
		C89006572A4DFB9D00436500 /* Character */ = {
			isa = PBXGroup;
			children = (
				C89006582A4DFB9D00436500 /* Models */,
				C890065F2A4DFB9D00436500 /* Modules */,
			);
			path = Character;
			sourceTree = "<group>";
		};
		C89006582A4DFB9D00436500 /* Models */ = {
			isa = PBXGroup;
			children = (
				C89006592A4DFB9D00436500 /* Repository */,
				C890065C2A4DFB9D00436500 /* Remote */,
			);
			path = Models;
			sourceTree = "<group>";
		};
		C89006592A4DFB9D00436500 /* Repository */ = {
			isa = PBXGroup;
			children = (
				C890065A2A4DFB9D00436500 /* CharacterRepository.swift */,
				C890065B2A4DFB9D00436500 /* CharacterRepositoryImpl.swift */,
			);
			path = Repository;
			sourceTree = "<group>";
		};
		C890065C2A4DFB9D00436500 /* Remote */ = {
			isa = PBXGroup;
			children = (
				C890065D2A4DFB9D00436500 /* CharacterRequest.swift */,
				C890065E2A4DFB9D00436500 /* CharacterResponse.swift */,
				C8438B632A506E44008E6C2A /* CharacterByIdRequest.swift */,
			);
			path = Remote;
			sourceTree = "<group>";
		};
		C890065F2A4DFB9D00436500 /* Modules */ = {
			isa = PBXGroup;
			children = (
				C89006602A4DFB9D00436500 /* CharacterList */,
				C890066A2A4DFB9D00436500 /* CharacterDetail */,
			);
			path = Modules;
			sourceTree = "<group>";
		};
		C89006602A4DFB9D00436500 /* CharacterList */ = {
			isa = PBXGroup;
			children = (
				C89006612A4DFB9D00436500 /* Configuration */,
				C89006632A4DFB9D00436500 /* Presenter */,
				C89006652A4DFB9D00436500 /* View */,
				C89006682A4DFB9D00436500 /* Interactor */,
			);
			path = CharacterList;
			sourceTree = "<group>";
		};
		C89006612A4DFB9D00436500 /* Configuration */ = {
			isa = PBXGroup;
			children = (
				C89006622A4DFB9D00436500 /* CharacterListConfigurator.swift */,
			);
			path = Configuration;
			sourceTree = "<group>";
		};
		C89006632A4DFB9D00436500 /* Presenter */ = {
			isa = PBXGroup;
			children = (
				C89006642A4DFB9D00436500 /* CharacterListPresenterImpl.swift */,
			);
			path = Presenter;
			sourceTree = "<group>";
		};
		C89006652A4DFB9D00436500 /* View */ = {
			isa = PBXGroup;
			children = (
				C89006A02A4F07BD00436500 /* Components */,
				C89006662A4DFB9D00436500 /* CharacterListView.swift */,
				C89006672A4DFB9D00436500 /* CharacterListViewModel.swift */,
				C890069E2A4EBE6900436500 /* CharacterListDM.swift */,
			);
			path = View;
			sourceTree = "<group>";
		};
		C89006682A4DFB9D00436500 /* Interactor */ = {
			isa = PBXGroup;
			children = (
				C89006692A4DFB9D00436500 /* CharacterListInteractorImpl.swift */,
			);
			path = Interactor;
			sourceTree = "<group>";
		};
		C890066A2A4DFB9D00436500 /* CharacterDetail */ = {
			isa = PBXGroup;
			children = (
				C890066B2A4DFB9D00436500 /* Configuration */,
				C890066C2A4DFB9D00436500 /* Presenter */,
				C890066E2A4DFB9D00436500 /* View */,
				C890066F2A4DFB9D00436500 /* Interactor */,
			);
			path = CharacterDetail;
			sourceTree = "<group>";
		};
		C890066B2A4DFB9D00436500 /* Configuration */ = {
			isa = PBXGroup;
			children = (
			);
			path = Configuration;
			sourceTree = "<group>";
		};
		C890066C2A4DFB9D00436500 /* Presenter */ = {
			isa = PBXGroup;
			children = (
			);
			path = Presenter;
			sourceTree = "<group>";
		};
		C890066E2A4DFB9D00436500 /* View */ = {
			isa = PBXGroup;
			children = (
				C89006AC2A4F283100436500 /* Components */,
				C89006AA2A4F236300436500 /* CharacterDetailView.swift */,
			);
			path = View;
			sourceTree = "<group>";
		};
		C890066F2A4DFB9D00436500 /* Interactor */ = {
			isa = PBXGroup;
			children = (
			);
			path = Interactor;
			sourceTree = "<group>";
		};
		C89006702A4DFB9D00436500 /* Base */ = {
			isa = PBXGroup;
			children = (
				C89006712A4DFB9D00436500 /* UI */,
				C89006742A4DFB9D00436500 /* Remote */,
			);
			path = Base;
			sourceTree = "<group>";
		};
		C89006712A4DFB9D00436500 /* UI */ = {
			isa = PBXGroup;
			children = (
				C89006A32A4F1A9500436500 /* Utils */,
				C89006722A4DFB9D00436500 /* Extensions */,
			);
			path = UI;
			sourceTree = "<group>";
		};
		C89006722A4DFB9D00436500 /* Extensions */ = {
			isa = PBXGroup;
			children = (
				C89006A42A4F1ABD00436500 /* ColorExtension.swift */,
				C89006732A4DFB9D00436500 /* StringExtension.swift */,
			);
			path = Extensions;
			sourceTree = "<group>";
		};
		C89006742A4DFB9D00436500 /* Remote */ = {
			isa = PBXGroup;
			children = (
				C89006752A4DFB9D00436500 /* BaseRequest.swift */,
				C89006762A4DFB9D00436500 /* BaseRemote.swift */,
				C89006772A4DFB9D00436500 /* BaseResponse.swift */,
				C89006782A4DFB9D00436500 /* BaseRemoteImpl.swift */,
				C89006792A4DFB9D00436500 /* ApiConstants.swift */,
			);
			path = Remote;
			sourceTree = "<group>";
		};
		C89006892A4DFBB500436500 /* Character */ = {
			isa = PBXGroup;
			children = (
				C890068A2A4DFBB500436500 /* Models */,
				C89006992A4E0A6500436500 /* Modules */,
			);
			path = Character;
			sourceTree = "<group>";
		};
		C890068A2A4DFBB500436500 /* Models */ = {
			isa = PBXGroup;
			children = (
				C8438B6E2A507EBC008E6C2A /* DataMock */,
				C890068B2A4DFBB500436500 /* Repository */,
			);
			path = Models;
			sourceTree = "<group>";
		};
		C890068B2A4DFBB500436500 /* Repository */ = {
			isa = PBXGroup;
			children = (
				C890068D2A4DFBB500436500 /* CharacterRepositoryTests.swift */,
			);
			path = Repository;
			sourceTree = "<group>";
		};
		C89006992A4E0A6500436500 /* Modules */ = {
			isa = PBXGroup;
			children = (
				C890069A2A4E0A7900436500 /* CharacterList */,
				C890069B2A4E0A7E00436500 /* CharacterDetail */,
			);
			path = Modules;
			sourceTree = "<group>";
		};
		C890069A2A4E0A7900436500 /* CharacterList */ = {
			isa = PBXGroup;
			children = (
				C890069D2A4E0AF400436500 /* Interactor */,
				C890069C2A4E0AED00436500 /* Presenter */,
			);
			path = CharacterList;
			sourceTree = "<group>";
		};
		C890069B2A4E0A7E00436500 /* CharacterDetail */ = {
			isa = PBXGroup;
			children = (
			);
			path = CharacterDetail;
			sourceTree = "<group>";
		};
		C890069C2A4E0AED00436500 /* Presenter */ = {
			isa = PBXGroup;
			children = (
			);
			path = Presenter;
			sourceTree = "<group>";
		};
		C890069D2A4E0AF400436500 /* Interactor */ = {
			isa = PBXGroup;
			children = (
			);
			path = Interactor;
			sourceTree = "<group>";
		};
		C89006A02A4F07BD00436500 /* Components */ = {
			isa = PBXGroup;
			children = (
				C89006A82A4F1F3A00436500 /* CustomSearchBar.swift */,
				C89006A12A4F07D900436500 /* CharacterListCardView.swift */,
			);
			path = Components;
			sourceTree = "<group>";
		};
		C89006A32A4F1A9500436500 /* Utils */ = {
			isa = PBXGroup;
			children = (
				C89006A62A4F1DDD00436500 /* PaddingUtils.swift */,
			);
			path = Utils;
			sourceTree = "<group>";
		};
		C89006AC2A4F283100436500 /* Components */ = {
			isa = PBXGroup;
			children = (
				C89006AD2A4F285100436500 /* HeaderTitleWithImage.swift */,
			);
			path = Components;
			sourceTree = "<group>";
		};
/* End PBXGroup section */

/* Begin PBXNativeTarget section */
		C89006282A4DFB3100436500 /* cv */ = {
			isa = PBXNativeTarget;
			buildConfigurationList = C890064D2A4DFB3200436500 /* Build configuration list for PBXNativeTarget "cv" */;
			buildPhases = (
				C89006252A4DFB3100436500 /* Sources */,
				C89006262A4DFB3100436500 /* Frameworks */,
				C89006272A4DFB3100436500 /* Resources */,
			);
			buildRules = (
			);
			dependencies = (
			);
			name = cv;
			productName = cv;
			productReference = C89006292A4DFB3100436500 /* cv.app */;
			productType = "com.apple.product-type.application";
		};
		C89006382A4DFB3200436500 /* cvTests */ = {
			isa = PBXNativeTarget;
			buildConfigurationList = C89006502A4DFB3200436500 /* Build configuration list for PBXNativeTarget "cvTests" */;
			buildPhases = (
				C89006352A4DFB3200436500 /* Sources */,
				C89006362A4DFB3200436500 /* Frameworks */,
				C89006372A4DFB3200436500 /* Resources */,
			);
			buildRules = (
			);
			dependencies = (
				C890063B2A4DFB3200436500 /* PBXTargetDependency */,
			);
			name = cvTests;
			productName = cvTests;
			productReference = C89006392A4DFB3200436500 /* cvTests.xctest */;
			productType = "com.apple.product-type.bundle.unit-test";
		};
		C89006422A4DFB3200436500 /* cvUITests */ = {
			isa = PBXNativeTarget;
			buildConfigurationList = C89006532A4DFB3200436500 /* Build configuration list for PBXNativeTarget "cvUITests" */;
			buildPhases = (
				C890063F2A4DFB3200436500 /* Sources */,
				C89006402A4DFB3200436500 /* Frameworks */,
				C89006412A4DFB3200436500 /* Resources */,
			);
			buildRules = (
			);
			dependencies = (
				C89006452A4DFB3200436500 /* PBXTargetDependency */,
			);
			name = cvUITests;
			productName = cvUITests;
			productReference = C89006432A4DFB3200436500 /* cvUITests.xctest */;
			productType = "com.apple.product-type.bundle.ui-testing";
		};
/* End PBXNativeTarget section */

/* Begin PBXProject section */
		C89006212A4DFB3100436500 /* Project object */ = {
			isa = PBXProject;
			attributes = {
				BuildIndependentTargetsInParallel = 1;
				LastSwiftUpdateCheck = 1420;
				LastUpgradeCheck = 1420;
				TargetAttributes = {
					C89006282A4DFB3100436500 = {
						CreatedOnToolsVersion = 14.2;
					};
					C89006382A4DFB3200436500 = {
						CreatedOnToolsVersion = 14.2;
						TestTargetID = C89006282A4DFB3100436500;
					};
					C89006422A4DFB3200436500 = {
						CreatedOnToolsVersion = 14.2;
						TestTargetID = C89006282A4DFB3100436500;
					};
				};
			};
			buildConfigurationList = C89006242A4DFB3100436500 /* Build configuration list for PBXProject "cv" */;
			compatibilityVersion = "Xcode 14.0";
			developmentRegion = en;
			hasScannedForEncodings = 0;
			knownRegions = (
				en,
				Base,
			);
			mainGroup = C89006202A4DFB3100436500;
			productRefGroup = C890062A2A4DFB3100436500 /* Products */;
			projectDirPath = "";
			projectRoot = "";
			targets = (
				C89006282A4DFB3100436500 /* cv */,
				C89006382A4DFB3200436500 /* cvTests */,
				C89006422A4DFB3200436500 /* cvUITests */,
			);
		};
/* End PBXProject section */

/* Begin PBXResourcesBuildPhase section */
		C89006272A4DFB3100436500 /* Resources */ = {
			isa = PBXResourcesBuildPhase;
			buildActionMask = 2147483647;
			files = (
				C89006342A4DFB3200436500 /* Preview Assets.xcassets in Resources */,
				C89006312A4DFB3200436500 /* Assets.xcassets in Resources */,
			);
			runOnlyForDeploymentPostprocessing = 0;
		};
		C89006372A4DFB3200436500 /* Resources */ = {
			isa = PBXResourcesBuildPhase;
			buildActionMask = 2147483647;
			files = (
			);
			runOnlyForDeploymentPostprocessing = 0;
		};
		C89006412A4DFB3200436500 /* Resources */ = {
			isa = PBXResourcesBuildPhase;
			buildActionMask = 2147483647;
			files = (
			);
			runOnlyForDeploymentPostprocessing = 0;
		};
/* End PBXResourcesBuildPhase section */

/* Begin PBXSourcesBuildPhase section */
		C89006252A4DFB3100436500 /* Sources */ = {
			isa = PBXSourcesBuildPhase;
			buildActionMask = 2147483647;
			files = (
				C89006862A4DFB9D00436500 /* BaseResponse.swift in Sources */,
				C890067E2A4DFB9D00436500 /* CharacterListConfigurator.swift in Sources */,
				C890067C2A4DFB9D00436500 /* CharacterRequest.swift in Sources */,
				C890062F2A4DFB3100436500 /* ContentView.swift in Sources */,
				C890069F2A4EBE6900436500 /* CharacterListDM.swift in Sources */,
				C89006882A4DFB9D00436500 /* ApiConstants.swift in Sources */,
				C89006822A4DFB9D00436500 /* CharacterListInteractorImpl.swift in Sources */,
				C89006AE2A4F285100436500 /* HeaderTitleWithImage.swift in Sources */,
				C89006802A4DFB9D00436500 /* CharacterListView.swift in Sources */,
				C8438B642A506E44008E6C2A /* CharacterByIdRequest.swift in Sources */,
				C89006A22A4F07D900436500 /* CharacterListCardView.swift in Sources */,
				C890067D2A4DFB9D00436500 /* CharacterResponse.swift in Sources */,
				C89006852A4DFB9D00436500 /* BaseRemote.swift in Sources */,
				C89006872A4DFB9D00436500 /* BaseRemoteImpl.swift in Sources */,
				C89006AB2A4F236300436500 /* CharacterDetailView.swift in Sources */,
				C890067F2A4DFB9D00436500 /* CharacterListPresenterImpl.swift in Sources */,
				C890062D2A4DFB3100436500 /* BaseApp.swift in Sources */,
				C89006832A4DFB9D00436500 /* StringExtension.swift in Sources */,
				C890067A2A4DFB9D00436500 /* CharacterRepository.swift in Sources */,
				C89006A72A4F1DDD00436500 /* PaddingUtils.swift in Sources */,
				C89006812A4DFB9D00436500 /* CharacterListViewModel.swift in Sources */,
				C89006842A4DFB9D00436500 /* BaseRequest.swift in Sources */,
				C890067B2A4DFB9D00436500 /* CharacterRepositoryImpl.swift in Sources */,
				C89006A92A4F1F3A00436500 /* CustomSearchBar.swift in Sources */,
				C89006A52A4F1ABD00436500 /* ColorExtension.swift in Sources */,
			);
			runOnlyForDeploymentPostprocessing = 0;
		};
		C89006352A4DFB3200436500 /* Sources */ = {
			isa = PBXSourcesBuildPhase;
			buildActionMask = 2147483647;
			files = (
				C890068F2A4DFBB500436500 /* CharacterRepositoryTests.swift in Sources */,
				C8438B702A5093AE008E6C2A /* CharacterTestMock.swift in Sources */,
			);
			runOnlyForDeploymentPostprocessing = 0;
		};
		C890063F2A4DFB3200436500 /* Sources */ = {
			isa = PBXSourcesBuildPhase;
			buildActionMask = 2147483647;
			files = (
				C89006972A4DFBCC00436500 /* UITestsLaunchTests.swift in Sources */,
				C89006982A4DFBCC00436500 /* UITests.swift in Sources */,
			);
			runOnlyForDeploymentPostprocessing = 0;
		};
/* End PBXSourcesBuildPhase section */

/* Begin PBXTargetDependency section */
		C890063B2A4DFB3200436500 /* PBXTargetDependency */ = {
			isa = PBXTargetDependency;
			target = C89006282A4DFB3100436500 /* cv */;
			targetProxy = C890063A2A4DFB3200436500 /* PBXContainerItemProxy */;
		};
		C89006452A4DFB3200436500 /* PBXTargetDependency */ = {
			isa = PBXTargetDependency;
			target = C89006282A4DFB3100436500 /* cv */;
			targetProxy = C89006442A4DFB3200436500 /* PBXContainerItemProxy */;
		};
/* End PBXTargetDependency section */

/* Begin XCBuildConfiguration section */
		C890064B2A4DFB3200436500 /* Debug */ = {
			isa = XCBuildConfiguration;
			buildSettings = {
				ALWAYS_SEARCH_USER_PATHS = NO;
				CLANG_ANALYZER_NONNULL = YES;
				CLANG_ANALYZER_NUMBER_OBJECT_CONVERSION = YES_AGGRESSIVE;
				CLANG_CXX_LANGUAGE_STANDARD = "gnu++20";
				CLANG_ENABLE_MODULES = YES;
				CLANG_ENABLE_OBJC_ARC = YES;
				CLANG_ENABLE_OBJC_WEAK = YES;
				CLANG_WARN_BLOCK_CAPTURE_AUTORELEASING = YES;
				CLANG_WARN_BOOL_CONVERSION = YES;
				CLANG_WARN_COMMA = YES;
				CLANG_WARN_CONSTANT_CONVERSION = YES;
				CLANG_WARN_DEPRECATED_OBJC_IMPLEMENTATIONS = YES;
				CLANG_WARN_DIRECT_OBJC_ISA_USAGE = YES_ERROR;
				CLANG_WARN_DOCUMENTATION_COMMENTS = YES;
				CLANG_WARN_EMPTY_BODY = YES;
				CLANG_WARN_ENUM_CONVERSION = YES;
				CLANG_WARN_INFINITE_RECURSION = YES;
				CLANG_WARN_INT_CONVERSION = YES;
				CLANG_WARN_NON_LITERAL_NULL_CONVERSION = YES;
				CLANG_WARN_OBJC_IMPLICIT_RETAIN_SELF = YES;
				CLANG_WARN_OBJC_LITERAL_CONVERSION = YES;
				CLANG_WARN_OBJC_ROOT_CLASS = YES_ERROR;
				CLANG_WARN_QUOTED_INCLUDE_IN_FRAMEWORK_HEADER = YES;
				CLANG_WARN_RANGE_LOOP_ANALYSIS = YES;
				CLANG_WARN_STRICT_PROTOTYPES = YES;
				CLANG_WARN_SUSPICIOUS_MOVE = YES;
				CLANG_WARN_UNGUARDED_AVAILABILITY = YES_AGGRESSIVE;
				CLANG_WARN_UNREACHABLE_CODE = YES;
				CLANG_WARN__DUPLICATE_METHOD_MATCH = YES;
				COPY_PHASE_STRIP = NO;
				DEBUG_INFORMATION_FORMAT = dwarf;
				ENABLE_STRICT_OBJC_MSGSEND = YES;
				ENABLE_TESTABILITY = YES;
				GCC_C_LANGUAGE_STANDARD = gnu11;
				GCC_DYNAMIC_NO_PIC = NO;
				GCC_NO_COMMON_BLOCKS = YES;
				GCC_OPTIMIZATION_LEVEL = 0;
				GCC_PREPROCESSOR_DEFINITIONS = (
					"DEBUG=1",
					"$(inherited)",
				);
				GCC_WARN_64_TO_32_BIT_CONVERSION = YES;
				GCC_WARN_ABOUT_RETURN_TYPE = YES_ERROR;
				GCC_WARN_UNDECLARED_SELECTOR = YES;
				GCC_WARN_UNINITIALIZED_AUTOS = YES_AGGRESSIVE;
				GCC_WARN_UNUSED_FUNCTION = YES;
				GCC_WARN_UNUSED_VARIABLE = YES;
				IPHONEOS_DEPLOYMENT_TARGET = 16.2;
				MTL_ENABLE_DEBUG_INFO = INCLUDE_SOURCE;
				MTL_FAST_MATH = YES;
				ONLY_ACTIVE_ARCH = YES;
				SDKROOT = iphoneos;
				SWIFT_ACTIVE_COMPILATION_CONDITIONS = DEBUG;
				SWIFT_OPTIMIZATION_LEVEL = "-Onone";
			};
			name = Debug;
		};
		C890064C2A4DFB3200436500 /* Release */ = {
			isa = XCBuildConfiguration;
			buildSettings = {
				ALWAYS_SEARCH_USER_PATHS = NO;
				CLANG_ANALYZER_NONNULL = YES;
				CLANG_ANALYZER_NUMBER_OBJECT_CONVERSION = YES_AGGRESSIVE;
				CLANG_CXX_LANGUAGE_STANDARD = "gnu++20";
				CLANG_ENABLE_MODULES = YES;
				CLANG_ENABLE_OBJC_ARC = YES;
				CLANG_ENABLE_OBJC_WEAK = YES;
				CLANG_WARN_BLOCK_CAPTURE_AUTORELEASING = YES;
				CLANG_WARN_BOOL_CONVERSION = YES;
				CLANG_WARN_COMMA = YES;
				CLANG_WARN_CONSTANT_CONVERSION = YES;
				CLANG_WARN_DEPRECATED_OBJC_IMPLEMENTATIONS = YES;
				CLANG_WARN_DIRECT_OBJC_ISA_USAGE = YES_ERROR;
				CLANG_WARN_DOCUMENTATION_COMMENTS = YES;
				CLANG_WARN_EMPTY_BODY = YES;
				CLANG_WARN_ENUM_CONVERSION = YES;
				CLANG_WARN_INFINITE_RECURSION = YES;
				CLANG_WARN_INT_CONVERSION = YES;
				CLANG_WARN_NON_LITERAL_NULL_CONVERSION = YES;
				CLANG_WARN_OBJC_IMPLICIT_RETAIN_SELF = YES;
				CLANG_WARN_OBJC_LITERAL_CONVERSION = YES;
				CLANG_WARN_OBJC_ROOT_CLASS = YES_ERROR;
				CLANG_WARN_QUOTED_INCLUDE_IN_FRAMEWORK_HEADER = YES;
				CLANG_WARN_RANGE_LOOP_ANALYSIS = YES;
				CLANG_WARN_STRICT_PROTOTYPES = YES;
				CLANG_WARN_SUSPICIOUS_MOVE = YES;
				CLANG_WARN_UNGUARDED_AVAILABILITY = YES_AGGRESSIVE;
				CLANG_WARN_UNREACHABLE_CODE = YES;
				CLANG_WARN__DUPLICATE_METHOD_MATCH = YES;
				COPY_PHASE_STRIP = NO;
				DEBUG_INFORMATION_FORMAT = "dwarf-with-dsym";
				ENABLE_NS_ASSERTIONS = NO;
				ENABLE_STRICT_OBJC_MSGSEND = YES;
				GCC_C_LANGUAGE_STANDARD = gnu11;
				GCC_NO_COMMON_BLOCKS = YES;
				GCC_WARN_64_TO_32_BIT_CONVERSION = YES;
				GCC_WARN_ABOUT_RETURN_TYPE = YES_ERROR;
				GCC_WARN_UNDECLARED_SELECTOR = YES;
				GCC_WARN_UNINITIALIZED_AUTOS = YES_AGGRESSIVE;
				GCC_WARN_UNUSED_FUNCTION = YES;
				GCC_WARN_UNUSED_VARIABLE = YES;
				IPHONEOS_DEPLOYMENT_TARGET = 16.2;
				MTL_ENABLE_DEBUG_INFO = NO;
				MTL_FAST_MATH = YES;
				SDKROOT = iphoneos;
				SWIFT_COMPILATION_MODE = wholemodule;
				SWIFT_OPTIMIZATION_LEVEL = "-O";
				VALIDATE_PRODUCT = YES;
			};
			name = Release;
		};
		C890064E2A4DFB3200436500 /* Debug */ = {
			isa = XCBuildConfiguration;
			buildSettings = {
				ASSETCATALOG_COMPILER_APPICON_NAME = AppIcon;
				ASSETCATALOG_COMPILER_GLOBAL_ACCENT_COLOR_NAME = AccentColor;
				CODE_SIGN_STYLE = Automatic;
				CURRENT_PROJECT_VERSION = 1;
				DEVELOPMENT_ASSET_PATHS = "\"cv/Preview Content\"";
				DEVELOPMENT_TEAM = BR378QZBFQ;
				ENABLE_PREVIEWS = YES;
				GENERATE_INFOPLIST_FILE = YES;
				INFOPLIST_KEY_UIApplicationSceneManifest_Generation = YES;
				INFOPLIST_KEY_UIApplicationSupportsIndirectInputEvents = YES;
				INFOPLIST_KEY_UILaunchScreen_Generation = YES;
				INFOPLIST_KEY_UISupportedInterfaceOrientations_iPad = "UIInterfaceOrientationPortrait UIInterfaceOrientationPortraitUpsideDown UIInterfaceOrientationLandscapeLeft UIInterfaceOrientationLandscapeRight";
				INFOPLIST_KEY_UISupportedInterfaceOrientations_iPhone = "UIInterfaceOrientationPortrait UIInterfaceOrientationLandscapeLeft UIInterfaceOrientationLandscapeRight";
				LD_RUNPATH_SEARCH_PATHS = (
					"$(inherited)",
					"@executable_path/Frameworks",
				);
				MARKETING_VERSION = 1.0;
				PRODUCT_BUNDLE_IDENTIFIER = es.pose.cv;
				PRODUCT_NAME = "$(TARGET_NAME)";
				SWIFT_EMIT_LOC_STRINGS = YES;
				SWIFT_VERSION = 5.0;
				TARGETED_DEVICE_FAMILY = "1,2";
			};
			name = Debug;
		};
		C890064F2A4DFB3200436500 /* Release */ = {
			isa = XCBuildConfiguration;
			buildSettings = {
				ASSETCATALOG_COMPILER_APPICON_NAME = AppIcon;
				ASSETCATALOG_COMPILER_GLOBAL_ACCENT_COLOR_NAME = AccentColor;
				CODE_SIGN_STYLE = Automatic;
				CURRENT_PROJECT_VERSION = 1;
				DEVELOPMENT_ASSET_PATHS = "\"cv/Preview Content\"";
				DEVELOPMENT_TEAM = BR378QZBFQ;
				ENABLE_PREVIEWS = YES;
				GENERATE_INFOPLIST_FILE = YES;
				INFOPLIST_KEY_UIApplicationSceneManifest_Generation = YES;
				INFOPLIST_KEY_UIApplicationSupportsIndirectInputEvents = YES;
				INFOPLIST_KEY_UILaunchScreen_Generation = YES;
				INFOPLIST_KEY_UISupportedInterfaceOrientations_iPad = "UIInterfaceOrientationPortrait UIInterfaceOrientationPortraitUpsideDown UIInterfaceOrientationLandscapeLeft UIInterfaceOrientationLandscapeRight";
				INFOPLIST_KEY_UISupportedInterfaceOrientations_iPhone = "UIInterfaceOrientationPortrait UIInterfaceOrientationLandscapeLeft UIInterfaceOrientationLandscapeRight";
				LD_RUNPATH_SEARCH_PATHS = (
					"$(inherited)",
					"@executable_path/Frameworks",
				);
				MARKETING_VERSION = 1.0;
				PRODUCT_BUNDLE_IDENTIFIER = es.pose.cv;
				PRODUCT_NAME = "$(TARGET_NAME)";
				SWIFT_EMIT_LOC_STRINGS = YES;
				SWIFT_VERSION = 5.0;
				TARGETED_DEVICE_FAMILY = "1,2";
			};
			name = Release;
		};
		C89006512A4DFB3200436500 /* Debug */ = {
			isa = XCBuildConfiguration;
			buildSettings = {
				ALWAYS_EMBED_SWIFT_STANDARD_LIBRARIES = YES;
				BUNDLE_LOADER = "$(TEST_HOST)";
				CODE_SIGN_STYLE = Automatic;
				CURRENT_PROJECT_VERSION = 1;
				DEVELOPMENT_TEAM = BR378QZBFQ;
				GENERATE_INFOPLIST_FILE = YES;
				IPHONEOS_DEPLOYMENT_TARGET = 16.2;
				MARKETING_VERSION = 1.0;
				PRODUCT_BUNDLE_IDENTIFIER = es.pose.cvTests;
				PRODUCT_NAME = "$(TARGET_NAME)";
				SWIFT_EMIT_LOC_STRINGS = NO;
				SWIFT_VERSION = 5.0;
				TARGETED_DEVICE_FAMILY = "1,2";
				TEST_HOST = "$(BUILT_PRODUCTS_DIR)/cv.app/$(BUNDLE_EXECUTABLE_FOLDER_PATH)/cv";
			};
			name = Debug;
		};
		C89006522A4DFB3200436500 /* Release */ = {
			isa = XCBuildConfiguration;
			buildSettings = {
				ALWAYS_EMBED_SWIFT_STANDARD_LIBRARIES = YES;
				BUNDLE_LOADER = "$(TEST_HOST)";
				CODE_SIGN_STYLE = Automatic;
				CURRENT_PROJECT_VERSION = 1;
				DEVELOPMENT_TEAM = BR378QZBFQ;
				GENERATE_INFOPLIST_FILE = YES;
				IPHONEOS_DEPLOYMENT_TARGET = 16.2;
				MARKETING_VERSION = 1.0;
				PRODUCT_BUNDLE_IDENTIFIER = es.pose.cvTests;
				PRODUCT_NAME = "$(TARGET_NAME)";
				SWIFT_EMIT_LOC_STRINGS = NO;
				SWIFT_VERSION = 5.0;
				TARGETED_DEVICE_FAMILY = "1,2";
				TEST_HOST = "$(BUILT_PRODUCTS_DIR)/cv.app/$(BUNDLE_EXECUTABLE_FOLDER_PATH)/cv";
			};
			name = Release;
		};
		C89006542A4DFB3200436500 /* Debug */ = {
			isa = XCBuildConfiguration;
			buildSettings = {
				ALWAYS_EMBED_SWIFT_STANDARD_LIBRARIES = YES;
				CODE_SIGN_STYLE = Automatic;
				CURRENT_PROJECT_VERSION = 1;
				DEVELOPMENT_TEAM = BR378QZBFQ;
				GENERATE_INFOPLIST_FILE = YES;
				MARKETING_VERSION = 1.0;
				PRODUCT_BUNDLE_IDENTIFIER = es.pose.cvUITests;
				PRODUCT_NAME = "$(TARGET_NAME)";
				SWIFT_EMIT_LOC_STRINGS = NO;
				SWIFT_VERSION = 5.0;
				TARGETED_DEVICE_FAMILY = "1,2";
				TEST_TARGET_NAME = cv;
			};
			name = Debug;
		};
		C89006552A4DFB3200436500 /* Release */ = {
			isa = XCBuildConfiguration;
			buildSettings = {
				ALWAYS_EMBED_SWIFT_STANDARD_LIBRARIES = YES;
				CODE_SIGN_STYLE = Automatic;
				CURRENT_PROJECT_VERSION = 1;
				DEVELOPMENT_TEAM = BR378QZBFQ;
				GENERATE_INFOPLIST_FILE = YES;
				MARKETING_VERSION = 1.0;
				PRODUCT_BUNDLE_IDENTIFIER = es.pose.cvUITests;
				PRODUCT_NAME = "$(TARGET_NAME)";
				SWIFT_EMIT_LOC_STRINGS = NO;
				SWIFT_VERSION = 5.0;
				TARGETED_DEVICE_FAMILY = "1,2";
				TEST_TARGET_NAME = cv;
			};
			name = Release;
		};
/* End XCBuildConfiguration section */

/* Begin XCConfigurationList section */
		C89006242A4DFB3100436500 /* Build configuration list for PBXProject "cv" */ = {
			isa = XCConfigurationList;
			buildConfigurations = (
				C890064B2A4DFB3200436500 /* Debug */,
				C890064C2A4DFB3200436500 /* Release */,
			);
			defaultConfigurationIsVisible = 0;
			defaultConfigurationName = Release;
		};
		C890064D2A4DFB3200436500 /* Build configuration list for PBXNativeTarget "cv" */ = {
			isa = XCConfigurationList;
			buildConfigurations = (
				C890064E2A4DFB3200436500 /* Debug */,
				C890064F2A4DFB3200436500 /* Release */,
			);
			defaultConfigurationIsVisible = 0;
			defaultConfigurationName = Release;
		};
		C89006502A4DFB3200436500 /* Build configuration list for PBXNativeTarget "cvTests" */ = {
			isa = XCConfigurationList;
			buildConfigurations = (
				C89006512A4DFB3200436500 /* Debug */,
				C89006522A4DFB3200436500 /* Release */,
			);
			defaultConfigurationIsVisible = 0;
			defaultConfigurationName = Release;
		};
		C89006532A4DFB3200436500 /* Build configuration list for PBXNativeTarget "cvUITests" */ = {
			isa = XCConfigurationList;
			buildConfigurations = (
				C89006542A4DFB3200436500 /* Debug */,
				C89006552A4DFB3200436500 /* Release */,
			);
			defaultConfigurationIsVisible = 0;
			defaultConfigurationName = Release;
		};
/* End XCConfigurationList section */
	};
	rootObject = C89006212A4DFB3100436500 /* Project object */;
}
